{
  "version": 4,
  "terraform_version": "0.14.3",
  "serial": 170,
  "lineage": "d9bfd130-85d2-87ee-0673-d0d7ccc08e82",
  "outputs": {
    "hosts_mount_accessor": {
      "value": "auth_approle_0651e1da",
      "type": "string"
    }
  },
  "resources": [
    {
      "mode": "managed",
      "type": "local_file",
      "name": "pki_ca_chain_file",
      "provider": "provider[\"registry.terraform.io/hashicorp/local\"]",
      "instances": [
        {
          "index_key": "dev",
          "schema_version": 0,
          "attributes": {
            "content": null,
            "content_base64": null,
            "directory_permission": "0700",
            "file_permission": "0600",
            "filename": "/home/thomas/projects/sample-home-vault/output/certs/CA_chain-dev.crt",
            "id": "bd76c771fff2152c5734609f2abfd83c55c66827",
            "sensitive_content": "-----BEGIN CERTIFICATE-----\nMIICwTCCAiKgAwIBAgIUez86ZeC3qDaqQx0KNvgrnuAmFPcwCgYIKoZIzj0EAwIw\nPjEYMBYGA1UEChMPZGV2LWV4YW1wbGUuY29tMSIwIAYDVQQDExlleGFtcGxlLmNv\nbSByb290IENBIChkZXYpMB4XDTIxMDcxMjEzNTkwN1oXDTMxMDcxMDEzNTkzN1ow\nRjEYMBYGA1UEChMPZGV2LWV4YW1wbGUuY29tMSowKAYDVQQDEyFleGFtcGxlLmNv\nbSBpbnRlcm1lZGlhdGUgQ0EgKGRldikwgZswEAYHKoZIzj0CAQYFK4EEACMDgYYA\nBAFyfAKuE3T5tMuzrC4uZT0wMBDQs4t5NneuYN26gXDWfbB4BGh03gXBsQmsMBvE\nH2zRrgOztPvA/V05WHZtws6XbAGVX1la4wIFPlA3IuXwptQBvAbguqo600ItVsvc\n5011fEJFlLgyKt2fb5R2YtUCujDFkWRkgtxSFcYdzdCKx4XPnqOBsjCBrzAOBgNV\nHQ8BAf8EBAMCAQYwDwYDVR0TAQH/BAUwAwEB/zAdBgNVHQ4EFgQUuXCyw2K4nvfq\n6C99GoSNv0LhhekwHwYDVR0jBBgwFoAUAGz3z65ZbeJK0j2EFeQ0DD/CvU8wTAYI\nKwYBBQUHAQEEQDA+MDwGCCsGAQUFBzAChjBodHRwOi8vMTI3LjAuMC4xOjgyMDAv\ndjEvZGV2L3BraS9wa2lfcm9vdC9jYS9wZW0wCgYIKoZIzj0EAwIDgYwAMIGIAkIB\npc3bl76OlG0XjIS/LW3YqU+AZss+aj5tcn2qnCYLYPDZ4WjICOy9Ea7SN3m9rEhN\nqrvh1S11wMEKRmChMAO6xpUCQgCMyBSC2gOVgo7q8tCLlYR0kOo4VRrjsfg5o7BX\npaSKVxH8GFL2in95LVj+81QgRdYNDjn1W6vJDoml7XAAO86dFg==\n-----END CERTIFICATE-----\n-----BEGIN CERTIFICATE-----\nMIICuTCCAhqgAwIBAgIUbcDbamPa3XfbkTzMyc5aaNBgMx8wCgYIKoZIzj0EAwIw\nPjEYMBYGA1UEChMPZGV2LWV4YW1wbGUuY29tMSIwIAYDVQQDExlleGFtcGxlLmNv\nbSByb290IENBIChkZXYpMB4XDTIxMDcxMjEzNTkwNloXDTMxMDcxMDEzNTkzNlow\nPjEYMBYGA1UEChMPZGV2LWV4YW1wbGUuY29tMSIwIAYDVQQDExlleGFtcGxlLmNv\nbSByb290IENBIChkZXYpMIGbMBAGByqGSM49AgEGBSuBBAAjA4GGAAQAgQXuSIPL\nCGy+wzyUIyeggOnWi1IiWb90+/+aYTZQqCw2fUg51uAzSHTeFHBGjPYuOy7q/zna\ncHmQD80VBoiqx1ABsJyy1RJK1HPJYrRQPEB6mTy2KKE4d30zPGH7BR9hUWwDKXTS\nrM6DGBj5+rP+COBDmUnvNLGBy4DxaK17nRuSEcSjgbIwga8wDgYDVR0PAQH/BAQD\nAgEGMA8GA1UdEwEB/wQFMAMBAf8wHQYDVR0OBBYEFABs98+uWW3iStI9hBXkNAw/\nwr1PMB8GA1UdIwQYMBaAFABs98+uWW3iStI9hBXkNAw/wr1PMEwGCCsGAQUFBwEB\nBEAwPjA8BggrBgEFBQcwAoYwaHR0cDovLzEyNy4wLjAuMTo4MjAwL3YxL2Rldi9w\na2kvcGtpX3Jvb3QvY2EvcGVtMAoGCCqGSM49BAMCA4GMADCBiAJCARbYz31bZ+V6\ntLxkUVsU5GN1i0BYRk9aY9ce4GNm5a7Hn5d2+MDRnXRXKVcsIICQ5GszzM58Q0EN\nPyHlUDsDtpWqAkIBreK87MBWP1qIcpU/Frl5s+Ort3+ujXK/mbhR+vDO98xVqL7Y\n1oTJBLYn0hbGU7gyEajbTmnXYd13SE9fcycaDv4=\n-----END CERTIFICATE-----",
            "source": null
          },
          "sensitive_attributes": [],
          "private": "bnVsbA==",
          "dependencies": [
            "vault_mount.pki_intermediate",
            "vault_mount.pki_root",
            "vault_pki_secret_backend_intermediate_cert_request.intermediate",
            "vault_pki_secret_backend_root_cert.root_certificate",
            "vault_pki_secret_backend_root_sign_intermediate.intermediate"
          ]
        },
        {
          "index_key": "prod",
          "schema_version": 0,
          "attributes": {
            "content": null,
            "content_base64": null,
            "directory_permission": "0700",
            "file_permission": "0600",
            "filename": "/home/thomas/projects/sample-home-vault/output/certs/CA_chain-prod.crt",
            "id": "1359d7ba21e9934be636c0e00e96e7cc1015acba",
            "sensitive_content": "-----BEGIN CERTIFICATE-----\nMIICxjCCAiegAwIBAgIUYBlmecv7GTlmVN8GxpeXFVj05h4wCgYIKoZIzj0EAwIw\nQDEZMBcGA1UEChMQcHJvZC1leGFtcGxlLmNvbTEjMCEGA1UEAxMaZXhhbXBsZS5j\nb20gcm9vdCBDQSAocHJvZCkwHhcNMjEwNzEyMTM1OTA3WhcNMzEwNzEwMTM1OTM3\nWjBIMRkwFwYDVQQKExBwcm9kLWV4YW1wbGUuY29tMSswKQYDVQQDEyJleGFtcGxl\nLmNvbSBpbnRlcm1lZGlhdGUgQ0EgKHByb2QpMIGbMBAGByqGSM49AgEGBSuBBAAj\nA4GGAAQBGtxzKNd7JwgUfA9x2qCXrbR1HeutVr15mDcCnOI+gKjJX1/OkApvpQKb\n5Iq8S7Z2b8i52vFStcJNUJf91e+fhTIAB+eKJvtgJHiIyVRDPhiJIVDiU8QyqJ3g\nO3bVQ+LpdO5ogYqHxt3+KRIWrIrE9xk16ivT1JdilNlE0O8nudopn32jgbMwgbAw\nDgYDVR0PAQH/BAQDAgEGMA8GA1UdEwEB/wQFMAMBAf8wHQYDVR0OBBYEFHkzVslM\n7FH8RK4bNS6EL2iC6Ae8MB8GA1UdIwQYMBaAFBit488zwYDtOAESwZXvHeIC/lse\nME0GCCsGAQUFBwEBBEEwPzA9BggrBgEFBQcwAoYxaHR0cDovLzEyNy4wLjAuMTo4\nMjAwL3YxL3Byb2QvcGtpL3BraV9yb290L2NhL3BlbTAKBggqhkjOPQQDAgOBjAAw\ngYgCQgCxF1JMcNBCf1TxWZ6MLQPwUITDzoHzhjN8ypjLzXT4TCDXObxVOsfBcqhI\nR90jhJv32gQWgr619dAIEjz8T4mAsgJCAKGNcUN9uZ2tUBG9k9WBd2o1meLdvYaI\nKcBAXKku8HBW12TCblB480CHmmGI92F1bdUV22tx9wr/Bda95vQPBVBI\n-----END CERTIFICATE-----\n-----BEGIN CERTIFICATE-----\nMIICvjCCAh+gAwIBAgIUMf9TSgeh7HnDl9LqkP74+8Bg/tswCgYIKoZIzj0EAwIw\nQDEZMBcGA1UEChMQcHJvZC1leGFtcGxlLmNvbTEjMCEGA1UEAxMaZXhhbXBsZS5j\nb20gcm9vdCBDQSAocHJvZCkwHhcNMjEwNzEyMTM1OTA2WhcNMzEwNzEwMTM1OTM2\nWjBAMRkwFwYDVQQKExBwcm9kLWV4YW1wbGUuY29tMSMwIQYDVQQDExpleGFtcGxl\nLmNvbSByb290IENBIChwcm9kKTCBmzAQBgcqhkjOPQIBBgUrgQQAIwOBhgAEALWa\nowGH3SQ7FOW7dTuS5R62Gfn/l1Tl9pIaNlSsECo/qMJJFsDhejnezm1io8QQCrxB\n1Tj/Zg3KmyrxEFvCOlxFAGdxsfYfFDCv7S3IEqe6G/s5p0OuKKf4655eYyqbeYtn\nz3tUF32ua2jTg4Z3tv1CwxSgZMV6FgMnXR1MKtYzSLAto4GzMIGwMA4GA1UdDwEB\n/wQEAwIBBjAPBgNVHRMBAf8EBTADAQH/MB0GA1UdDgQWBBQYrePPM8GA7TgBEsGV\n7x3iAv5bHjAfBgNVHSMEGDAWgBQYrePPM8GA7TgBEsGV7x3iAv5bHjBNBggrBgEF\nBQcBAQRBMD8wPQYIKwYBBQUHMAKGMWh0dHA6Ly8xMjcuMC4wLjE6ODIwMC92MS9w\ncm9kL3BraS9wa2lfcm9vdC9jYS9wZW0wCgYIKoZIzj0EAwIDgYwAMIGIAkIB26rn\nZfUeELtx0lcPyI0rGPXTc+qc75DpCfYrlQiCBywIYBhqVZCPpDS3bGpUZ8uZ2pZw\nHYRYxh7IZ+OuxZoJ5/gCQgGOR55AXWvEstrEUF7CIvzUV0Ax+ai0SkihGhBqKqkT\noYxlmiZ/pK4YVcFJrSJ4iPJio0bNVrbiWF2l1xZi/r4gwg==\n-----END CERTIFICATE-----",
            "source": null
          },
          "sensitive_attributes": [],
          "private": "bnVsbA==",
          "dependencies": [
            "vault_mount.pki_intermediate",
            "vault_mount.pki_root",
            "vault_pki_secret_backend_intermediate_cert_request.intermediate",
            "vault_pki_secret_backend_root_cert.root_certificate",
            "vault_pki_secret_backend_root_sign_intermediate.intermediate"
          ]
        },
        {
          "index_key": "stag",
          "schema_version": 0,
          "attributes": {
            "content": null,
            "content_base64": null,
            "directory_permission": "0700",
            "file_permission": "0600",
            "filename": "/home/thomas/projects/sample-home-vault/output/certs/CA_chain-stag.crt",
            "id": "0cfec43001e06ba0c40b928016acfa6dc01fd7a0",
            "sensitive_content": "-----BEGIN CERTIFICATE-----\nMIICxjCCAiegAwIBAgIUYIM7cEY2M5XuyfqKQdjSGHvvzEYwCgYIKoZIzj0EAwIw\nQDEZMBcGA1UEChMQc3RhZy1leGFtcGxlLmNvbTEjMCEGA1UEAxMaZXhhbXBsZS5j\nb20gcm9vdCBDQSAoc3RhZykwHhcNMjEwNzEyMTM1OTA3WhcNMzEwNzEwMTM1OTM3\nWjBIMRkwFwYDVQQKExBzdGFnLWV4YW1wbGUuY29tMSswKQYDVQQDEyJleGFtcGxl\nLmNvbSBpbnRlcm1lZGlhdGUgQ0EgKHN0YWcpMIGbMBAGByqGSM49AgEGBSuBBAAj\nA4GGAAQANFpxzBTXGB8iO422g9UnvlTKzQtx6SvfazSlqnvHfYiOi8QCNXlIuwlb\n0GqEdUEJEZv5+t/d2gnqVMDy+cFNdlQAjhhfBO9Z+2rp1Ud4PSOads/EQKJ58ALm\nRqlExmEIOX/ftwT3MHibhpKboWCrojBaG1AO0Pjrv/kSPPGyjYXrpH6jgbMwgbAw\nDgYDVR0PAQH/BAQDAgEGMA8GA1UdEwEB/wQFMAMBAf8wHQYDVR0OBBYEFE2BZdqL\nkxZiAjsXMXNiuyNgpfYgMB8GA1UdIwQYMBaAFH5iQbvmm7zW7+ZoEOrDBu4dOLQB\nME0GCCsGAQUFBwEBBEEwPzA9BggrBgEFBQcwAoYxaHR0cDovLzEyNy4wLjAuMTo4\nMjAwL3YxL3N0YWcvcGtpL3BraV9yb290L2NhL3BlbTAKBggqhkjOPQQDAgOBjAAw\ngYgCQgCVn6SkY9U0coRvZravnt9GrOTJ5IKgbfpiNp7tCYh3ylCRUIE4GmDQlut2\nJDs5XaRjuBuCpDlCTTVMhO2T808Q4AJCAcL0QNxEtGqNFsXYLLeuIZ/rs3kCafax\nN57hawKDdapnQS1Oz2+RUhfLTBLsgPjDufzPTzKF7sLYXOw/04L24j/Q\n-----END CERTIFICATE-----\n-----BEGIN CERTIFICATE-----\nMIICvTCCAh+gAwIBAgIUOb2BSwujMQ+DM5f4Y1V2h/PIXpswCgYIKoZIzj0EAwIw\nQDEZMBcGA1UEChMQc3RhZy1leGFtcGxlLmNvbTEjMCEGA1UEAxMaZXhhbXBsZS5j\nb20gcm9vdCBDQSAoc3RhZykwHhcNMjEwNzEyMTM1OTA2WhcNMzEwNzEwMTM1OTM2\nWjBAMRkwFwYDVQQKExBzdGFnLWV4YW1wbGUuY29tMSMwIQYDVQQDExpleGFtcGxl\nLmNvbSByb290IENBIChzdGFnKTCBmzAQBgcqhkjOPQIBBgUrgQQAIwOBhgAEAJbz\nrCrk3WnLcMzgEoLiUYKvVVg1hrGO8+3RMkbKTnlUfgQKhYOKIsPSNR4aAKiYeG1h\nCecZzI0MVXm9GZZ6Mj5bAOZBMmLY2yBs2HgC+eKUHh+UYLnFjpqs237XNwjIR9mN\nmOewWC8TZW0tDo9Rz7R/UfBQ/mxXdY9by0rvQqOhO3MOo4GzMIGwMA4GA1UdDwEB\n/wQEAwIBBjAPBgNVHRMBAf8EBTADAQH/MB0GA1UdDgQWBBR+YkG75pu81u/maBDq\nwwbuHTi0ATAfBgNVHSMEGDAWgBR+YkG75pu81u/maBDqwwbuHTi0ATBNBggrBgEF\nBQcBAQRBMD8wPQYIKwYBBQUHMAKGMWh0dHA6Ly8xMjcuMC4wLjE6ODIwMC92MS9z\ndGFnL3BraS9wa2lfcm9vdC9jYS9wZW0wCgYIKoZIzj0EAwIDgYsAMIGHAkIBd468\nrgbmo10709lEUb+8DND5U+EJX7Ghe/ZCvDyKWCwEDyNvBKxvKGAO4cqft4mQ6y8P\nAaSWZONsM8V3oL5LmvgCQX/CY7PYSvr6i47GihiBZD/KvTa/uuuLbVJPYXYhLtzF\n2eJZuE7nBOepuTi8SEf1tEGsP7orslgnOjStkNxjxgNH\n-----END CERTIFICATE-----",
            "source": null
          },
          "sensitive_attributes": [],
          "private": "bnVsbA==",
          "dependencies": [
            "vault_mount.pki_intermediate",
            "vault_mount.pki_root",
            "vault_pki_secret_backend_intermediate_cert_request.intermediate",
            "vault_pki_secret_backend_root_cert.root_certificate",
            "vault_pki_secret_backend_root_sign_intermediate.intermediate"
          ]
        }
      ]
    },
    {
      "mode": "managed",
      "type": "local_file",
      "name": "pki_ca_file",
      "provider": "provider[\"registry.terraform.io/hashicorp/local\"]",
      "instances": [
        {
          "index_key": "dev",
          "schema_version": 0,
          "attributes": {
            "content": null,
            "content_base64": null,
            "directory_permission": "0700",
            "file_permission": "0600",
            "filename": "/home/thomas/projects/sample-home-vault/output/certs/CA-dev.crt",
            "id": "0dc892f84140c49cb8bfefc57b4cebbaae50c044",
            "sensitive_content": "-----BEGIN CERTIFICATE-----\nMIICuTCCAhqgAwIBAgIUbcDbamPa3XfbkTzMyc5aaNBgMx8wCgYIKoZIzj0EAwIw\nPjEYMBYGA1UEChMPZGV2LWV4YW1wbGUuY29tMSIwIAYDVQQDExlleGFtcGxlLmNv\nbSByb290IENBIChkZXYpMB4XDTIxMDcxMjEzNTkwNloXDTMxMDcxMDEzNTkzNlow\nPjEYMBYGA1UEChMPZGV2LWV4YW1wbGUuY29tMSIwIAYDVQQDExlleGFtcGxlLmNv\nbSByb290IENBIChkZXYpMIGbMBAGByqGSM49AgEGBSuBBAAjA4GGAAQAgQXuSIPL\nCGy+wzyUIyeggOnWi1IiWb90+/+aYTZQqCw2fUg51uAzSHTeFHBGjPYuOy7q/zna\ncHmQD80VBoiqx1ABsJyy1RJK1HPJYrRQPEB6mTy2KKE4d30zPGH7BR9hUWwDKXTS\nrM6DGBj5+rP+COBDmUnvNLGBy4DxaK17nRuSEcSjgbIwga8wDgYDVR0PAQH/BAQD\nAgEGMA8GA1UdEwEB/wQFMAMBAf8wHQYDVR0OBBYEFABs98+uWW3iStI9hBXkNAw/\nwr1PMB8GA1UdIwQYMBaAFABs98+uWW3iStI9hBXkNAw/wr1PMEwGCCsGAQUFBwEB\nBEAwPjA8BggrBgEFBQcwAoYwaHR0cDovLzEyNy4wLjAuMTo4MjAwL3YxL2Rldi9w\na2kvcGtpX3Jvb3QvY2EvcGVtMAoGCCqGSM49BAMCA4GMADCBiAJCARbYz31bZ+V6\ntLxkUVsU5GN1i0BYRk9aY9ce4GNm5a7Hn5d2+MDRnXRXKVcsIICQ5GszzM58Q0EN\nPyHlUDsDtpWqAkIBreK87MBWP1qIcpU/Frl5s+Ort3+ujXK/mbhR+vDO98xVqL7Y\n1oTJBLYn0hbGU7gyEajbTmnXYd13SE9fcycaDv4=\n-----END CERTIFICATE-----",
            "source": null
          },
          "sensitive_attributes": [],
          "private": "bnVsbA==",
          "dependencies": [
            "vault_mount.pki_root",
            "vault_pki_secret_backend_root_cert.root_certificate"
          ]
        },
        {
          "index_key": "prod",
          "schema_version": 0,
          "attributes": {
            "content": null,
            "content_base64": null,
            "directory_permission": "0700",
            "file_permission": "0600",
            "filename": "/home/thomas/projects/sample-home-vault/output/certs/CA-prod.crt",
            "id": "04bc2caf11ace70db28734ba7942198d75e17d4f",
            "sensitive_content": "-----BEGIN CERTIFICATE-----\nMIICvjCCAh+gAwIBAgIUMf9TSgeh7HnDl9LqkP74+8Bg/tswCgYIKoZIzj0EAwIw\nQDEZMBcGA1UEChMQcHJvZC1leGFtcGxlLmNvbTEjMCEGA1UEAxMaZXhhbXBsZS5j\nb20gcm9vdCBDQSAocHJvZCkwHhcNMjEwNzEyMTM1OTA2WhcNMzEwNzEwMTM1OTM2\nWjBAMRkwFwYDVQQKExBwcm9kLWV4YW1wbGUuY29tMSMwIQYDVQQDExpleGFtcGxl\nLmNvbSByb290IENBIChwcm9kKTCBmzAQBgcqhkjOPQIBBgUrgQQAIwOBhgAEALWa\nowGH3SQ7FOW7dTuS5R62Gfn/l1Tl9pIaNlSsECo/qMJJFsDhejnezm1io8QQCrxB\n1Tj/Zg3KmyrxEFvCOlxFAGdxsfYfFDCv7S3IEqe6G/s5p0OuKKf4655eYyqbeYtn\nz3tUF32ua2jTg4Z3tv1CwxSgZMV6FgMnXR1MKtYzSLAto4GzMIGwMA4GA1UdDwEB\n/wQEAwIBBjAPBgNVHRMBAf8EBTADAQH/MB0GA1UdDgQWBBQYrePPM8GA7TgBEsGV\n7x3iAv5bHjAfBgNVHSMEGDAWgBQYrePPM8GA7TgBEsGV7x3iAv5bHjBNBggrBgEF\nBQcBAQRBMD8wPQYIKwYBBQUHMAKGMWh0dHA6Ly8xMjcuMC4wLjE6ODIwMC92MS9w\ncm9kL3BraS9wa2lfcm9vdC9jYS9wZW0wCgYIKoZIzj0EAwIDgYwAMIGIAkIB26rn\nZfUeELtx0lcPyI0rGPXTc+qc75DpCfYrlQiCBywIYBhqVZCPpDS3bGpUZ8uZ2pZw\nHYRYxh7IZ+OuxZoJ5/gCQgGOR55AXWvEstrEUF7CIvzUV0Ax+ai0SkihGhBqKqkT\noYxlmiZ/pK4YVcFJrSJ4iPJio0bNVrbiWF2l1xZi/r4gwg==\n-----END CERTIFICATE-----",
            "source": null
          },
          "sensitive_attributes": [],
          "private": "bnVsbA==",
          "dependencies": [
            "vault_mount.pki_root",
            "vault_pki_secret_backend_root_cert.root_certificate"
          ]
        },
        {
          "index_key": "stag",
          "schema_version": 0,
          "attributes": {
            "content": null,
            "content_base64": null,
            "directory_permission": "0700",
            "file_permission": "0600",
            "filename": "/home/thomas/projects/sample-home-vault/output/certs/CA-stag.crt",
            "id": "fbbde3e8457a0e9a507784eac45452968db511d8",
            "sensitive_content": "-----BEGIN CERTIFICATE-----\nMIICvTCCAh+gAwIBAgIUOb2BSwujMQ+DM5f4Y1V2h/PIXpswCgYIKoZIzj0EAwIw\nQDEZMBcGA1UEChMQc3RhZy1leGFtcGxlLmNvbTEjMCEGA1UEAxMaZXhhbXBsZS5j\nb20gcm9vdCBDQSAoc3RhZykwHhcNMjEwNzEyMTM1OTA2WhcNMzEwNzEwMTM1OTM2\nWjBAMRkwFwYDVQQKExBzdGFnLWV4YW1wbGUuY29tMSMwIQYDVQQDExpleGFtcGxl\nLmNvbSByb290IENBIChzdGFnKTCBmzAQBgcqhkjOPQIBBgUrgQQAIwOBhgAEAJbz\nrCrk3WnLcMzgEoLiUYKvVVg1hrGO8+3RMkbKTnlUfgQKhYOKIsPSNR4aAKiYeG1h\nCecZzI0MVXm9GZZ6Mj5bAOZBMmLY2yBs2HgC+eKUHh+UYLnFjpqs237XNwjIR9mN\nmOewWC8TZW0tDo9Rz7R/UfBQ/mxXdY9by0rvQqOhO3MOo4GzMIGwMA4GA1UdDwEB\n/wQEAwIBBjAPBgNVHRMBAf8EBTADAQH/MB0GA1UdDgQWBBR+YkG75pu81u/maBDq\nwwbuHTi0ATAfBgNVHSMEGDAWgBR+YkG75pu81u/maBDqwwbuHTi0ATBNBggrBgEF\nBQcBAQRBMD8wPQYIKwYBBQUHMAKGMWh0dHA6Ly8xMjcuMC4wLjE6ODIwMC92MS9z\ndGFnL3BraS9wa2lfcm9vdC9jYS9wZW0wCgYIKoZIzj0EAwIDgYsAMIGHAkIBd468\nrgbmo10709lEUb+8DND5U+EJX7Ghe/ZCvDyKWCwEDyNvBKxvKGAO4cqft4mQ6y8P\nAaSWZONsM8V3oL5LmvgCQX/CY7PYSvr6i47GihiBZD/KvTa/uuuLbVJPYXYhLtzF\n2eJZuE7nBOepuTi8SEf1tEGsP7orslgnOjStkNxjxgNH\n-----END CERTIFICATE-----",
            "source": null
          },
          "sensitive_attributes": [],
          "private": "bnVsbA==",
          "dependencies": [
            "vault_mount.pki_root",
            "vault_pki_secret_backend_root_cert.root_certificate"
          ]
        }
      ]
    },
    {
      "mode": "managed",
      "type": "local_file",
      "name": "pki_int_file",
      "provider": "provider[\"registry.terraform.io/hashicorp/local\"]",
      "instances": [
        {
          "index_key": "dev",
          "schema_version": 0,
          "attributes": {
            "content": null,
            "content_base64": null,
            "directory_permission": "0700",
            "file_permission": "0600",
            "filename": "/home/thomas/projects/sample-home-vault/output/certs/CA_Int-dev.crt",
            "id": "0429fd3b2f9d5ee98409f3c8fab0da70368cef83",
            "sensitive_content": "-----BEGIN CERTIFICATE-----\nMIICwTCCAiKgAwIBAgIUez86ZeC3qDaqQx0KNvgrnuAmFPcwCgYIKoZIzj0EAwIw\nPjEYMBYGA1UEChMPZGV2LWV4YW1wbGUuY29tMSIwIAYDVQQDExlleGFtcGxlLmNv\nbSByb290IENBIChkZXYpMB4XDTIxMDcxMjEzNTkwN1oXDTMxMDcxMDEzNTkzN1ow\nRjEYMBYGA1UEChMPZGV2LWV4YW1wbGUuY29tMSowKAYDVQQDEyFleGFtcGxlLmNv\nbSBpbnRlcm1lZGlhdGUgQ0EgKGRldikwgZswEAYHKoZIzj0CAQYFK4EEACMDgYYA\nBAFyfAKuE3T5tMuzrC4uZT0wMBDQs4t5NneuYN26gXDWfbB4BGh03gXBsQmsMBvE\nH2zRrgOztPvA/V05WHZtws6XbAGVX1la4wIFPlA3IuXwptQBvAbguqo600ItVsvc\n5011fEJFlLgyKt2fb5R2YtUCujDFkWRkgtxSFcYdzdCKx4XPnqOBsjCBrzAOBgNV\nHQ8BAf8EBAMCAQYwDwYDVR0TAQH/BAUwAwEB/zAdBgNVHQ4EFgQUuXCyw2K4nvfq\n6C99GoSNv0LhhekwHwYDVR0jBBgwFoAUAGz3z65ZbeJK0j2EFeQ0DD/CvU8wTAYI\nKwYBBQUHAQEEQDA+MDwGCCsGAQUFBzAChjBodHRwOi8vMTI3LjAuMC4xOjgyMDAv\ndjEvZGV2L3BraS9wa2lfcm9vdC9jYS9wZW0wCgYIKoZIzj0EAwIDgYwAMIGIAkIB\npc3bl76OlG0XjIS/LW3YqU+AZss+aj5tcn2qnCYLYPDZ4WjICOy9Ea7SN3m9rEhN\nqrvh1S11wMEKRmChMAO6xpUCQgCMyBSC2gOVgo7q8tCLlYR0kOo4VRrjsfg5o7BX\npaSKVxH8GFL2in95LVj+81QgRdYNDjn1W6vJDoml7XAAO86dFg==\n-----END CERTIFICATE-----",
            "source": null
          },
          "sensitive_attributes": [],
          "private": "bnVsbA==",
          "dependencies": [
            "vault_mount.pki_intermediate",
            "vault_mount.pki_root",
            "vault_pki_secret_backend_intermediate_cert_request.intermediate",
            "vault_pki_secret_backend_root_sign_intermediate.intermediate"
          ]
        },
        {
          "index_key": "prod",
          "schema_version": 0,
          "attributes": {
            "content": null,
            "content_base64": null,
            "directory_permission": "0700",
            "file_permission": "0600",
            "filename": "/home/thomas/projects/sample-home-vault/output/certs/CA_Int-prod.crt",
            "id": "1729627ca5d11600350211a9abb7105086ccdd39",
            "sensitive_content": "-----BEGIN CERTIFICATE-----\nMIICxjCCAiegAwIBAgIUYBlmecv7GTlmVN8GxpeXFVj05h4wCgYIKoZIzj0EAwIw\nQDEZMBcGA1UEChMQcHJvZC1leGFtcGxlLmNvbTEjMCEGA1UEAxMaZXhhbXBsZS5j\nb20gcm9vdCBDQSAocHJvZCkwHhcNMjEwNzEyMTM1OTA3WhcNMzEwNzEwMTM1OTM3\nWjBIMRkwFwYDVQQKExBwcm9kLWV4YW1wbGUuY29tMSswKQYDVQQDEyJleGFtcGxl\nLmNvbSBpbnRlcm1lZGlhdGUgQ0EgKHByb2QpMIGbMBAGByqGSM49AgEGBSuBBAAj\nA4GGAAQBGtxzKNd7JwgUfA9x2qCXrbR1HeutVr15mDcCnOI+gKjJX1/OkApvpQKb\n5Iq8S7Z2b8i52vFStcJNUJf91e+fhTIAB+eKJvtgJHiIyVRDPhiJIVDiU8QyqJ3g\nO3bVQ+LpdO5ogYqHxt3+KRIWrIrE9xk16ivT1JdilNlE0O8nudopn32jgbMwgbAw\nDgYDVR0PAQH/BAQDAgEGMA8GA1UdEwEB/wQFMAMBAf8wHQYDVR0OBBYEFHkzVslM\n7FH8RK4bNS6EL2iC6Ae8MB8GA1UdIwQYMBaAFBit488zwYDtOAESwZXvHeIC/lse\nME0GCCsGAQUFBwEBBEEwPzA9BggrBgEFBQcwAoYxaHR0cDovLzEyNy4wLjAuMTo4\nMjAwL3YxL3Byb2QvcGtpL3BraV9yb290L2NhL3BlbTAKBggqhkjOPQQDAgOBjAAw\ngYgCQgCxF1JMcNBCf1TxWZ6MLQPwUITDzoHzhjN8ypjLzXT4TCDXObxVOsfBcqhI\nR90jhJv32gQWgr619dAIEjz8T4mAsgJCAKGNcUN9uZ2tUBG9k9WBd2o1meLdvYaI\nKcBAXKku8HBW12TCblB480CHmmGI92F1bdUV22tx9wr/Bda95vQPBVBI\n-----END CERTIFICATE-----",
            "source": null
          },
          "sensitive_attributes": [],
          "private": "bnVsbA==",
          "dependencies": [
            "vault_mount.pki_intermediate",
            "vault_mount.pki_root",
            "vault_pki_secret_backend_intermediate_cert_request.intermediate",
            "vault_pki_secret_backend_root_sign_intermediate.intermediate"
          ]
        },
        {
          "index_key": "stag",
          "schema_version": 0,
          "attributes": {
            "content": null,
            "content_base64": null,
            "directory_permission": "0700",
            "file_permission": "0600",
            "filename": "/home/thomas/projects/sample-home-vault/output/certs/CA_Int-stag.crt",
            "id": "d2b334b819ff13e3fd6a23d030777c0d6207cea7",
            "sensitive_content": "-----BEGIN CERTIFICATE-----\nMIICxjCCAiegAwIBAgIUYIM7cEY2M5XuyfqKQdjSGHvvzEYwCgYIKoZIzj0EAwIw\nQDEZMBcGA1UEChMQc3RhZy1leGFtcGxlLmNvbTEjMCEGA1UEAxMaZXhhbXBsZS5j\nb20gcm9vdCBDQSAoc3RhZykwHhcNMjEwNzEyMTM1OTA3WhcNMzEwNzEwMTM1OTM3\nWjBIMRkwFwYDVQQKExBzdGFnLWV4YW1wbGUuY29tMSswKQYDVQQDEyJleGFtcGxl\nLmNvbSBpbnRlcm1lZGlhdGUgQ0EgKHN0YWcpMIGbMBAGByqGSM49AgEGBSuBBAAj\nA4GGAAQANFpxzBTXGB8iO422g9UnvlTKzQtx6SvfazSlqnvHfYiOi8QCNXlIuwlb\n0GqEdUEJEZv5+t/d2gnqVMDy+cFNdlQAjhhfBO9Z+2rp1Ud4PSOads/EQKJ58ALm\nRqlExmEIOX/ftwT3MHibhpKboWCrojBaG1AO0Pjrv/kSPPGyjYXrpH6jgbMwgbAw\nDgYDVR0PAQH/BAQDAgEGMA8GA1UdEwEB/wQFMAMBAf8wHQYDVR0OBBYEFE2BZdqL\nkxZiAjsXMXNiuyNgpfYgMB8GA1UdIwQYMBaAFH5iQbvmm7zW7+ZoEOrDBu4dOLQB\nME0GCCsGAQUFBwEBBEEwPzA9BggrBgEFBQcwAoYxaHR0cDovLzEyNy4wLjAuMTo4\nMjAwL3YxL3N0YWcvcGtpL3BraV9yb290L2NhL3BlbTAKBggqhkjOPQQDAgOBjAAw\ngYgCQgCVn6SkY9U0coRvZravnt9GrOTJ5IKgbfpiNp7tCYh3ylCRUIE4GmDQlut2\nJDs5XaRjuBuCpDlCTTVMhO2T808Q4AJCAcL0QNxEtGqNFsXYLLeuIZ/rs3kCafax\nN57hawKDdapnQS1Oz2+RUhfLTBLsgPjDufzPTzKF7sLYXOw/04L24j/Q\n-----END CERTIFICATE-----",
            "source": null
          },
          "sensitive_attributes": [],
          "private": "bnVsbA==",
          "dependencies": [
            "vault_mount.pki_intermediate",
            "vault_mount.pki_root",
            "vault_pki_secret_backend_intermediate_cert_request.intermediate",
            "vault_pki_secret_backend_root_sign_intermediate.intermediate"
          ]
        }
      ]
    },
    {
      "mode": "managed",
      "type": "local_file",
      "name": "ssh_ca_pubkey_file",
      "provider": "provider[\"registry.terraform.io/hashicorp/local\"]",
      "instances": [
        {
          "index_key": "dev",
          "schema_version": 0,
          "attributes": {
            "content": null,
            "content_base64": null,
            "directory_permission": "0700",
            "file_permission": "0600",
            "filename": "/home/thomas/projects/sample-home-vault/output/certs/CA_ssh-dev.pub",
            "id": "f60b6ee5f5c79ebbac38bcfcea655d95eb28dba3",
            "sensitive_content": "ssh-rsa AAAAB3NzaC1yc2EAAAADAQABAAACAQDelefZKBSX6YPQfSG33e0rjUFRHYHACjaOAqJChKCMU49KLXsvB39Y+E94T/NpjOAUL5iLzfKalphcW0wjITv153kYyFxHK1ouLw43uEGfyOjQpXHXGlMYsPXUUTqHPMKkguiUOTh6utp1tTrd0cPxJvCjMMOpZ3/HyVgdqInPr/PnJougB36qtLKBJz+/2ZZ9Xp7zNOMJrICiIwrcBTeA4wbu2UzFh8yabNcz0br0JWyKHXeEKlZNW1WUeFovZmmypgtJ8R4IzbbIkS7vcRjNdbQSW+3WzisEXEiGpu0o886d1v4YoPIpPoQmG+1cht77UedtrNKgQkGUsk6rK2iZMLeCbh5xoQeIxUBrWAziASawrZ2knAMEOSLFwfUvemhAH0bZDrmfwO/VfZk8fG38g3rA7cI+jDIsWSwKulTsAIyfSAG7S7IDklZI2y+NfhF95ZlSx82ZDqVu0HtWm2/sBWJggwGWivu6nGDPDRmevblTgySeJYoKsxa3+JOO35/fAupn0+aFzy11udN2W+9o0qksZA5xq75jpqy2SQjn26ZcniBHB+aHaSXIC6IhfFlYiEFrW9AZw1Pklx3NCiCMW2s86A5SPhUIs0q/h77qPvIkw0/9sufYSgUP2vunik49jaV9UdSDWQRnDS9uAVNVxldp2HE0qCu72zMYwhoSKw==\n",
            "source": null
          },
          "sensitive_attributes": [],
          "private": "bnVsbA==",
          "dependencies": [
            "vault_mount.ssh",
            "vault_ssh_secret_backend_ca.ssh_ca"
          ]
        },
        {
          "index_key": "prod",
          "schema_version": 0,
          "attributes": {
            "content": null,
            "content_base64": null,
            "directory_permission": "0700",
            "file_permission": "0600",
            "filename": "/home/thomas/projects/sample-home-vault/output/certs/CA_ssh-prod.pub",
            "id": "ec737fcad4afd3af999187ddac583e0c7ae55337",
            "sensitive_content": "ssh-rsa AAAAB3NzaC1yc2EAAAADAQABAAACAQCUy1w0YzoVVjRqiZEPKTKuRHAwExesgknRSD4Oh6W22+d45sEIK869qsKAZjxuSFNY2xMAqcXRu0sof/CuKEzwk5uvh/p3RM4Y8ha66ddgBEKEDhCLOC+GVyGV5oUuKjVvHg7yUGzxKN3Oxw+zTvQAKP5hZ8G/QWD6FOZD3kW2lTA4L4Krjh/kuHkTNW8SzMTKkX2FbwFqHqn7sKIfIfz7C/0PP7cuG+n487nva/W6qJdo1mYqwyZrPRWSBUIf+IdbFRDzQnvLdSGXGP3R406er1MOFRvwWEYkwF0fPYXGATOwB09rKSnZOqvZPsqhYtu9ZTb8Xly+ul+Bc2kgeaCPlw+XPeJKmbgvI2VClCiF2yTq/GTO9m1aYoKR8abPqBvEWfAFA9usw9Oszs6eCrrI7YmYwtj3UdEze5xY5UtovZikD2txunu+gZDQTwJ12urh4ursr3YelP1f5aVYhj7JEtNoZK4hCp2a7Kkzi6BxUuBL+ngubQT9D3ig3YMM3hvIJK7fmUJqpr07RdCVYe7Vs2FTTbqqUT7oaTHEBgow3cWup7ATCmGJbYS2DnO+fEQuygWF5SNYxEJ1hg5YPC4IhdHzzy/TzOfX7tBXso6nwjFINk+2nby3auQ8BeJdIEJOo7009c8CKCCremz51NUDGoxthROsudz35GzD5wdWzw==\n",
            "source": null
          },
          "sensitive_attributes": [],
          "private": "bnVsbA==",
          "dependencies": [
            "vault_mount.ssh",
            "vault_ssh_secret_backend_ca.ssh_ca"
          ]
        },
        {
          "index_key": "stag",
          "schema_version": 0,
          "attributes": {
            "content": null,
            "content_base64": null,
            "directory_permission": "0700",
            "file_permission": "0600",
            "filename": "/home/thomas/projects/sample-home-vault/output/certs/CA_ssh-stag.pub",
            "id": "687da8f48a0790c289a840bd497f7c8ef199c369",
            "sensitive_content": "ssh-rsa AAAAB3NzaC1yc2EAAAADAQABAAACAQC2U3JlG4kNWGeodkkqJr4FVhlF4waqIw7DxPr2glgBHtvw2VcJj0zXuDVa8YdGn51Br0Kg4WvxQxAqX5xTvZ2ciahpTHezNWcLrGwSSqmdABFEQVSphQcQM+h5tlrCVXYUj1pr1m5G+chXapZLanaAJMT8b18bhcpsf5K1zNuV6AHs9vJzpcK+vpXBiKtPnsCc8j+OjxYxzK6ayRcETdVm2eiaYiFNp0bleo0qo0vaOOYcBNMr3QfNuPsIBzQdGngVbexuJD2MqcRSTE1YmQjtZRzEOFsmFotJNoPrIStz4ndf6P5+wFVEmfG5NEbCK1apfgnT7nSwGc/usn45RzhoN3q1OZ+qKb9CedMvYWU0oeH2PRi2mbWXnMlgaiIJxnGYcaGS3B/8cWIRDhDQCHbuFdSZPU6e7SPQe2KqULBY0FSLe/8CIJeKbsR3oJWnAQq9uSGue/P0z0eMQbWzLVfYC2EpV1xBMaHoyQJiFdinKflsfpqgbC2jZAu2ScZ20QH1Dha4JLntBQBnn3hJGZ8dFQ0L3xduyEGiE4Pkde09g41viq+6CPR1esyP+mbxZskBvRaFj90wPAHVZjKIgafKDtqQGtnWwck1YAAkeSp59gQxdiB8sBBC029e6LNJ06GT1LP9ty8xtbrQbU9e9YOdzkyt4vRcefi3BFZcfy13SQ==\n",
            "source": null
          },
          "sensitive_attributes": [],
          "private": "bnVsbA==",
          "dependencies": [
            "vault_mount.ssh",
            "vault_ssh_secret_backend_ca.ssh_ca"
          ]
        }
      ]
    },
    {
      "mode": "managed",
      "type": "vault_approle_auth_backend_role",
      "name": "ci_service",
      "provider": "provider[\"registry.terraform.io/hashicorp/vault\"]",
      "instances": [
        {
          "schema_version": 0,
          "attributes": {
            "backend": "prod/app",
            "bind_secret_id": true,
            "bound_cidr_list": null,
            "id": "auth/prod/app/role/ci",
            "period": null,
            "policies": null,
            "role_id": "74a5c754-e285-bb99-3595-242a331beace",
            "role_name": "ci",
            "secret_id_bound_cidrs": [],
            "secret_id_num_uses": 0,
            "secret_id_ttl": 0,
            "token_bound_cidrs": [],
            "token_explicit_max_ttl": 0,
            "token_max_ttl": 0,
            "token_no_default_policy": false,
            "token_num_uses": 0,
            "token_period": 0,
            "token_policies": [],
            "token_ttl": 0,
            "token_type": "default"
          },
          "sensitive_attributes": [],
          "private": "bnVsbA==",
          "dependencies": [
            "vault_auth_backend.approle"
          ]
        }
      ]
    },
    {
      "mode": "managed",
      "type": "vault_approle_auth_backend_role",
      "name": "generic_service",
      "provider": "provider[\"registry.terraform.io/hashicorp/vault\"]",
      "instances": [
        {
          "index_key": "dev",
          "schema_version": 0,
          "attributes": {
            "backend": "dev/app",
            "bind_secret_id": true,
            "bound_cidr_list": null,
            "id": "auth/dev/app/role/dev-generic-service",
            "period": null,
            "policies": null,
            "role_id": "e391bfa0-0ed6-524f-c31f-29accc83af5a",
            "role_name": "dev-generic-service",
            "secret_id_bound_cidrs": [],
            "secret_id_num_uses": 0,
            "secret_id_ttl": 0,
            "token_bound_cidrs": [],
            "token_explicit_max_ttl": 0,
            "token_max_ttl": 0,
            "token_no_default_policy": false,
            "token_num_uses": 0,
            "token_period": 0,
            "token_policies": [],
            "token_ttl": 0,
            "token_type": "default"
          },
          "sensitive_attributes": [],
          "private": "bnVsbA==",
          "dependencies": [
            "vault_auth_backend.approle"
          ]
        },
        {
          "index_key": "prod",
          "schema_version": 0,
          "attributes": {
            "backend": "prod/app",
            "bind_secret_id": true,
            "bound_cidr_list": null,
            "id": "auth/prod/app/role/prod-generic-service",
            "period": null,
            "policies": null,
            "role_id": "157c49e0-3c52-f710-b0e4-7d0d0ea022d9",
            "role_name": "prod-generic-service",
            "secret_id_bound_cidrs": [],
            "secret_id_num_uses": 0,
            "secret_id_ttl": 0,
            "token_bound_cidrs": [],
            "token_explicit_max_ttl": 0,
            "token_max_ttl": 0,
            "token_no_default_policy": false,
            "token_num_uses": 0,
            "token_period": 0,
            "token_policies": [],
            "token_ttl": 0,
            "token_type": "default"
          },
          "sensitive_attributes": [],
          "private": "bnVsbA==",
          "dependencies": [
            "vault_auth_backend.approle"
          ]
        },
        {
          "index_key": "stag",
          "schema_version": 0,
          "attributes": {
            "backend": "stag/app",
            "bind_secret_id": true,
            "bound_cidr_list": null,
            "id": "auth/stag/app/role/stag-generic-service",
            "period": null,
            "policies": null,
            "role_id": "a8173c15-d658-ac91-5d32-c3ed6cb9a7dc",
            "role_name": "stag-generic-service",
            "secret_id_bound_cidrs": [],
            "secret_id_num_uses": 0,
            "secret_id_ttl": 0,
            "token_bound_cidrs": [],
            "token_explicit_max_ttl": 0,
            "token_max_ttl": 0,
            "token_no_default_policy": false,
            "token_num_uses": 0,
            "token_period": 0,
            "token_policies": [],
            "token_ttl": 0,
            "token_type": "default"
          },
          "sensitive_attributes": [],
          "private": "bnVsbA==",
          "dependencies": [
            "vault_auth_backend.approle"
          ]
        }
      ]
    },
    {
      "mode": "managed",
      "type": "vault_approle_auth_backend_role",
      "name": "snapshot_agent",
      "provider": "provider[\"registry.terraform.io/hashicorp/vault\"]",
      "instances": [
        {
          "schema_version": 0,
          "attributes": {
            "backend": "prod/app",
            "bind_secret_id": true,
            "bound_cidr_list": null,
            "id": "auth/prod/app/role/snapshot_agent",
            "period": null,
            "policies": null,
            "role_id": "717a0454-8027-3034-bccf-84d94bfe7256",
            "role_name": "snapshot_agent",
            "secret_id_bound_cidrs": [],
            "secret_id_num_uses": 0,
            "secret_id_ttl": 0,
            "token_bound_cidrs": [],
            "token_explicit_max_ttl": 0,
            "token_max_ttl": 0,
            "token_no_default_policy": false,
            "token_num_uses": 0,
            "token_period": 0,
            "token_policies": [],
            "token_ttl": 0,
            "token_type": "default"
          },
          "sensitive_attributes": [],
          "private": "bnVsbA==",
          "dependencies": [
            "vault_auth_backend.approle"
          ]
        }
      ]
    },
    {
      "mode": "managed",
      "type": "vault_approle_auth_backend_role_secret_id",
      "name": "ci_service",
      "provider": "provider[\"registry.terraform.io/hashicorp/vault\"]",
      "instances": [
        {
          "schema_version": 0,
          "attributes": {
            "accessor": "798b0b5b-55ae-2946-c0b2-d7801a45048a",
            "backend": "prod/app",
            "cidr_list": [],
            "id": "backend=prod/app::role=ci::accessor=798b0b5b-55ae-2946-c0b2-d7801a45048a",
            "metadata": "{}",
            "role_name": "ci",
            "secret_id": "305aed14-558a-7ad3-14b2-e0d58c6dfd83",
            "wrapping_accessor": null,
            "wrapping_token": null,
            "wrapping_ttl": null
          },
          "sensitive_attributes": [],
          "private": "bnVsbA==",
          "dependencies": [
            "vault_approle_auth_backend_role.ci_service",
            "vault_auth_backend.approle"
          ]
        }
      ]
    },
    {
      "mode": "managed",
      "type": "vault_approle_auth_backend_role_secret_id",
      "name": "generic_service",
      "provider": "provider[\"registry.terraform.io/hashicorp/vault\"]",
      "instances": [
        {
          "index_key": "dev",
          "schema_version": 0,
          "attributes": {
            "accessor": "ef9cb7f5-13c2-4b8b-15e1-de0312a6fcbf",
            "backend": "dev/app",
            "cidr_list": [],
            "id": "backend=dev/app::role=dev-generic-service::accessor=ef9cb7f5-13c2-4b8b-15e1-de0312a6fcbf",
            "metadata": "{}",
            "role_name": "dev-generic-service",
            "secret_id": "038d4850-de67-119b-99ac-7e905a624681",
            "wrapping_accessor": null,
            "wrapping_token": null,
            "wrapping_ttl": null
          },
          "sensitive_attributes": [],
          "private": "bnVsbA==",
          "dependencies": [
            "vault_approle_auth_backend_role.generic_service",
            "vault_auth_backend.approle"
          ]
        },
        {
          "index_key": "prod",
          "schema_version": 0,
          "attributes": {
            "accessor": "734f5ee6-53b2-aa22-1152-f11a2500121d",
            "backend": "prod/app",
            "cidr_list": [],
            "id": "backend=prod/app::role=prod-generic-service::accessor=734f5ee6-53b2-aa22-1152-f11a2500121d",
            "metadata": "{}",
            "role_name": "prod-generic-service",
            "secret_id": "c22abcec-33fc-dcc7-777a-eabfc50fe487",
            "wrapping_accessor": null,
            "wrapping_token": null,
            "wrapping_ttl": null
          },
          "sensitive_attributes": [],
          "private": "bnVsbA==",
          "dependencies": [
            "vault_approle_auth_backend_role.generic_service",
            "vault_auth_backend.approle"
          ]
        },
        {
          "index_key": "stag",
          "schema_version": 0,
          "attributes": {
            "accessor": "ac3420c7-fd15-7599-196c-640623a750fd",
            "backend": "stag/app",
            "cidr_list": [],
            "id": "backend=stag/app::role=stag-generic-service::accessor=ac3420c7-fd15-7599-196c-640623a750fd",
            "metadata": "{}",
            "role_name": "stag-generic-service",
            "secret_id": "8da20a8c-dc26-cf1b-7b36-931115b6c503",
            "wrapping_accessor": null,
            "wrapping_token": null,
            "wrapping_ttl": null
          },
          "sensitive_attributes": [],
          "private": "bnVsbA==",
          "dependencies": [
            "vault_approle_auth_backend_role.generic_service",
            "vault_auth_backend.approle"
          ]
        }
      ]
    },
    {
      "mode": "managed",
      "type": "vault_approle_auth_backend_role_secret_id",
      "name": "snapshot_agent",
      "provider": "provider[\"registry.terraform.io/hashicorp/vault\"]",
      "instances": [
        {
          "schema_version": 0,
          "attributes": {
            "accessor": "c3f6c675-68b9-24e6-196e-fc3b073d8ff2",
            "backend": "prod/app",
            "cidr_list": [],
            "id": "backend=prod/app::role=snapshot_agent::accessor=c3f6c675-68b9-24e6-196e-fc3b073d8ff2",
            "metadata": "{}",
            "role_name": "snapshot_agent",
            "secret_id": "ad2eee57-fd53-55a8-84d5-139949883b82",
            "wrapping_accessor": null,
            "wrapping_token": null,
            "wrapping_ttl": null
          },
          "sensitive_attributes": [],
          "private": "bnVsbA==",
          "dependencies": [
            "vault_approle_auth_backend_role.snapshot_agent",
            "vault_auth_backend.approle"
          ]
        }
      ]
    },
    {
      "mode": "managed",
      "type": "vault_auth_backend",
      "name": "approle",
      "provider": "provider[\"registry.terraform.io/hashicorp/vault\"]",
      "instances": [
        {
          "index_key": "dev",
          "schema_version": 1,
          "attributes": {
            "accessor": "auth_approle_2d44587a",
            "default_lease_ttl_seconds": 0,
            "description": "",
            "id": "dev/app",
            "listing_visibility": "",
            "local": false,
            "max_lease_ttl_seconds": 0,
            "path": "dev/app",
            "tune": [],
            "type": "approle"
          },
          "sensitive_attributes": [],
          "private": "eyJzY2hlbWFfdmVyc2lvbiI6IjEifQ=="
        },
        {
          "index_key": "prod",
          "schema_version": 1,
          "attributes": {
            "accessor": "auth_approle_51613f25",
            "default_lease_ttl_seconds": 0,
            "description": "",
            "id": "prod/app",
            "listing_visibility": "",
            "local": false,
            "max_lease_ttl_seconds": 0,
            "path": "prod/app",
            "tune": [],
            "type": "approle"
          },
          "sensitive_attributes": [],
          "private": "eyJzY2hlbWFfdmVyc2lvbiI6IjEifQ=="
        },
        {
          "index_key": "stag",
          "schema_version": 1,
          "attributes": {
            "accessor": "auth_approle_e6d6b626",
            "default_lease_ttl_seconds": 0,
            "description": "",
            "id": "stag/app",
            "listing_visibility": "",
            "local": false,
            "max_lease_ttl_seconds": 0,
            "path": "stag/app",
            "tune": [],
            "type": "approle"
          },
          "sensitive_attributes": [],
          "private": "eyJzY2hlbWFfdmVyc2lvbiI6IjEifQ=="
        }
      ]
    },
    {
      "mode": "managed",
      "type": "vault_auth_backend",
      "name": "hosts_approle",
      "provider": "provider[\"registry.terraform.io/hashicorp/vault\"]",
      "instances": [
        {
          "schema_version": 1,
          "attributes": {
            "accessor": "auth_approle_0651e1da",
            "default_lease_ttl_seconds": 0,
            "description": "",
            "id": "hosts/app",
            "listing_visibility": "",
            "local": false,
            "max_lease_ttl_seconds": 0,
            "path": "hosts/app",
            "tune": [],
            "type": "approle"
          },
          "sensitive_attributes": [],
          "private": "eyJzY2hlbWFfdmVyc2lvbiI6IjEifQ=="
        }
      ]
    },
    {
      "mode": "managed",
      "type": "vault_generic_secret",
      "name": "ci_service_credentials",
      "provider": "provider[\"registry.terraform.io/hashicorp/vault\"]",
      "instances": [
        {
          "schema_version": 1,
          "attributes": {
            "allow_read": null,
            "data": {
              "backend": "prod/app",
              "role_id": "74a5c754-e285-bb99-3595-242a331beace",
              "secret_id": "305aed14-558a-7ad3-14b2-e0d58c6dfd83"
            },
            "data_json": "{\"backend\":\"prod/app\",\"role_id\":\"74a5c754-e285-bb99-3595-242a331beace\",\"secret_id\":\"305aed14-558a-7ad3-14b2-e0d58c6dfd83\"}",
            "disable_read": false,
            "id": "adm-creds/kv/prod/approle/ci",
            "path": "adm-creds/kv/prod/approle/ci"
          },
          "sensitive_attributes": [],
          "private": "eyJzY2hlbWFfdmVyc2lvbiI6IjEifQ==",
          "dependencies": [
            "vault_approle_auth_backend_role.ci_service",
            "vault_approle_auth_backend_role_secret_id.ci_service",
            "vault_auth_backend.approle",
            "vault_mount.adm_creds"
          ]
        }
      ]
    },
    {
      "mode": "managed",
      "type": "vault_generic_secret",
      "name": "generic_service_credentials",
      "provider": "provider[\"registry.terraform.io/hashicorp/vault\"]",
      "instances": [
        {
          "index_key": "dev",
          "schema_version": 1,
          "attributes": {
            "allow_read": null,
            "data": {
              "backend": "dev/app",
              "role_id": "e391bfa0-0ed6-524f-c31f-29accc83af5a",
              "secret_id": "038d4850-de67-119b-99ac-7e905a624681"
            },
            "data_json": "{\"backend\":\"dev/app\",\"role_id\":\"e391bfa0-0ed6-524f-c31f-29accc83af5a\",\"secret_id\":\"038d4850-de67-119b-99ac-7e905a624681\"}",
            "disable_read": false,
            "id": "adm-creds/kv/dev/approle/dev-generic-service",
            "path": "adm-creds/kv/dev/approle/dev-generic-service"
          },
          "sensitive_attributes": [],
          "private": "eyJzY2hlbWFfdmVyc2lvbiI6IjEifQ==",
          "dependencies": [
            "vault_approle_auth_backend_role.generic_service",
            "vault_approle_auth_backend_role_secret_id.generic_service",
            "vault_auth_backend.approle",
            "vault_mount.adm_creds"
          ]
        },
        {
          "index_key": "prod",
          "schema_version": 1,
          "attributes": {
            "allow_read": null,
            "data": {
              "backend": "prod/app",
              "role_id": "157c49e0-3c52-f710-b0e4-7d0d0ea022d9",
              "secret_id": "c22abcec-33fc-dcc7-777a-eabfc50fe487"
            },
            "data_json": "{\"backend\":\"prod/app\",\"role_id\":\"157c49e0-3c52-f710-b0e4-7d0d0ea022d9\",\"secret_id\":\"c22abcec-33fc-dcc7-777a-eabfc50fe487\"}",
            "disable_read": false,
            "id": "adm-creds/kv/prod/approle/prod-generic-service",
            "path": "adm-creds/kv/prod/approle/prod-generic-service"
          },
          "sensitive_attributes": [],
          "private": "eyJzY2hlbWFfdmVyc2lvbiI6IjEifQ==",
          "dependencies": [
            "vault_approle_auth_backend_role.generic_service",
            "vault_approle_auth_backend_role_secret_id.generic_service",
            "vault_auth_backend.approle",
            "vault_mount.adm_creds"
          ]
        },
        {
          "index_key": "stag",
          "schema_version": 1,
          "attributes": {
            "allow_read": null,
            "data": {
              "backend": "stag/app",
              "role_id": "a8173c15-d658-ac91-5d32-c3ed6cb9a7dc",
              "secret_id": "8da20a8c-dc26-cf1b-7b36-931115b6c503"
            },
            "data_json": "{\"backend\":\"stag/app\",\"role_id\":\"a8173c15-d658-ac91-5d32-c3ed6cb9a7dc\",\"secret_id\":\"8da20a8c-dc26-cf1b-7b36-931115b6c503\"}",
            "disable_read": false,
            "id": "adm-creds/kv/stag/approle/stag-generic-service",
            "path": "adm-creds/kv/stag/approle/stag-generic-service"
          },
          "sensitive_attributes": [],
          "private": "eyJzY2hlbWFfdmVyc2lvbiI6IjEifQ==",
          "dependencies": [
            "vault_approle_auth_backend_role.generic_service",
            "vault_approle_auth_backend_role_secret_id.generic_service",
            "vault_auth_backend.approle",
            "vault_mount.adm_creds"
          ]
        }
      ]
    },
    {
      "mode": "managed",
      "type": "vault_generic_secret",
      "name": "snapshot_agent_credentials",
      "provider": "provider[\"registry.terraform.io/hashicorp/vault\"]",
      "instances": [
        {
          "schema_version": 1,
          "attributes": {
            "allow_read": null,
            "data": {
              "backend": "prod/app",
              "role_id": "717a0454-8027-3034-bccf-84d94bfe7256",
              "secret_id": "ad2eee57-fd53-55a8-84d5-139949883b82"
            },
            "data_json": "{\"backend\":\"prod/app\",\"role_id\":\"717a0454-8027-3034-bccf-84d94bfe7256\",\"secret_id\":\"ad2eee57-fd53-55a8-84d5-139949883b82\"}",
            "disable_read": false,
            "id": "adm-creds/kv/prod/approle/snapshot_agent",
            "path": "adm-creds/kv/prod/approle/snapshot_agent"
          },
          "sensitive_attributes": [],
          "private": "eyJzY2hlbWFfdmVyc2lvbiI6IjEifQ==",
          "dependencies": [
            "vault_approle_auth_backend_role.snapshot_agent",
            "vault_approle_auth_backend_role_secret_id.snapshot_agent",
            "vault_auth_backend.approle",
            "vault_mount.adm_creds"
          ]
        }
      ]
    },
    {
      "mode": "managed",
      "type": "vault_identity_entity",
      "name": "ci_service",
      "provider": "provider[\"registry.terraform.io/hashicorp/vault\"]",
      "instances": [
        {
          "schema_version": 0,
          "attributes": {
            "disabled": false,
            "external_policies": false,
            "id": "b1c127f1-65db-99f4-40fa-072106609d59",
            "metadata": {},
            "name": "ci",
            "policies": []
          },
          "sensitive_attributes": [],
          "private": "bnVsbA=="
        }
      ]
    },
    {
      "mode": "managed",
      "type": "vault_identity_entity",
      "name": "generic_service",
      "provider": "provider[\"registry.terraform.io/hashicorp/vault\"]",
      "instances": [
        {
          "index_key": "dev",
          "schema_version": 0,
          "attributes": {
            "disabled": false,
            "external_policies": false,
            "id": "95051c3d-ba39-4ebc-8bec-6d71a641c157",
            "metadata": {},
            "name": "dev-generic-service",
            "policies": []
          },
          "sensitive_attributes": [],
          "private": "bnVsbA=="
        },
        {
          "index_key": "prod",
          "schema_version": 0,
          "attributes": {
            "disabled": false,
            "external_policies": false,
            "id": "8f19206a-0280-2185-6c92-5614b413ef80",
            "metadata": {},
            "name": "prod-generic-service",
            "policies": []
          },
          "sensitive_attributes": [],
          "private": "bnVsbA=="
        },
        {
          "index_key": "stag",
          "schema_version": 0,
          "attributes": {
            "disabled": false,
            "external_policies": false,
            "id": "bb71a64d-80ef-0a13-bdbd-c3c268f3d2b2",
            "metadata": {},
            "name": "stag-generic-service",
            "policies": []
          },
          "sensitive_attributes": [],
          "private": "bnVsbA=="
        }
      ]
    },
    {
      "mode": "managed",
      "type": "vault_identity_entity",
      "name": "snapshot_agent",
      "provider": "provider[\"registry.terraform.io/hashicorp/vault\"]",
      "instances": [
        {
          "schema_version": 0,
          "attributes": {
            "disabled": false,
            "external_policies": false,
            "id": "09bf4f63-3247-5c0d-f659-804b621cf3d4",
            "metadata": {},
            "name": "snapshot_agent",
            "policies": [
              "snapshot-agent"
            ]
          },
          "sensitive_attributes": [],
          "private": "bnVsbA=="
        }
      ]
    },
    {
      "mode": "managed",
      "type": "vault_identity_entity_alias",
      "name": "ci_service_service_alias",
      "provider": "provider[\"registry.terraform.io/hashicorp/vault\"]",
      "instances": [
        {
          "schema_version": 0,
          "attributes": {
            "canonical_id": "b1c127f1-65db-99f4-40fa-072106609d59",
            "id": "4060d9ce-d811-a161-c391-22af4c0fc4ec",
            "mount_accessor": "auth_approle_51613f25",
            "name": "74a5c754-e285-bb99-3595-242a331beace"
          },
          "sensitive_attributes": [],
          "private": "bnVsbA==",
          "dependencies": [
            "vault_approle_auth_backend_role.ci_service",
            "vault_auth_backend.approle",
            "vault_identity_entity.ci_service"
          ]
        }
      ]
    },
    {
      "mode": "managed",
      "type": "vault_identity_entity_alias",
      "name": "generic_service_service_alias",
      "provider": "provider[\"registry.terraform.io/hashicorp/vault\"]",
      "instances": [
        {
          "index_key": "dev",
          "schema_version": 0,
          "attributes": {
            "canonical_id": "95051c3d-ba39-4ebc-8bec-6d71a641c157",
            "id": "633f6e85-6b9a-8377-41e1-57960810c7ca",
            "mount_accessor": "auth_approle_2d44587a",
            "name": "e391bfa0-0ed6-524f-c31f-29accc83af5a"
          },
          "sensitive_attributes": [],
          "private": "bnVsbA==",
          "dependencies": [
            "vault_approle_auth_backend_role.generic_service",
            "vault_auth_backend.approle",
            "vault_identity_entity.generic_service"
          ]
        },
        {
          "index_key": "prod",
          "schema_version": 0,
          "attributes": {
            "canonical_id": "8f19206a-0280-2185-6c92-5614b413ef80",
            "id": "605ca536-dd9d-9dbb-0089-1be6ca5ce63c",
            "mount_accessor": "auth_approle_51613f25",
            "name": "157c49e0-3c52-f710-b0e4-7d0d0ea022d9"
          },
          "sensitive_attributes": [],
          "private": "bnVsbA==",
          "dependencies": [
            "vault_approle_auth_backend_role.generic_service",
            "vault_auth_backend.approle",
            "vault_identity_entity.generic_service"
          ]
        },
        {
          "index_key": "stag",
          "schema_version": 0,
          "attributes": {
            "canonical_id": "bb71a64d-80ef-0a13-bdbd-c3c268f3d2b2",
            "id": "37674b3a-7662-3564-bad6-5c76a784f3fa",
            "mount_accessor": "auth_approle_e6d6b626",
            "name": "a8173c15-d658-ac91-5d32-c3ed6cb9a7dc"
          },
          "sensitive_attributes": [],
          "private": "bnVsbA==",
          "dependencies": [
            "vault_approle_auth_backend_role.generic_service",
            "vault_auth_backend.approle",
            "vault_identity_entity.generic_service"
          ]
        }
      ]
    },
    {
      "mode": "managed",
      "type": "vault_identity_entity_alias",
      "name": "snapshot_agent_alias",
      "provider": "provider[\"registry.terraform.io/hashicorp/vault\"]",
      "instances": [
        {
          "schema_version": 0,
          "attributes": {
            "canonical_id": "09bf4f63-3247-5c0d-f659-804b621cf3d4",
            "id": "42851967-87d1-4ed4-3151-ae322a6fddde",
            "mount_accessor": "auth_approle_51613f25",
            "name": "717a0454-8027-3034-bccf-84d94bfe7256"
          },
          "sensitive_attributes": [],
          "private": "bnVsbA==",
          "dependencies": [
            "vault_approle_auth_backend_role.snapshot_agent",
            "vault_auth_backend.approle",
            "vault_identity_entity.snapshot_agent"
          ]
        }
      ]
    },
    {
      "mode": "managed",
      "type": "vault_identity_group",
      "name": "ci_service",
      "provider": "provider[\"registry.terraform.io/hashicorp/vault\"]",
      "instances": [
        {
          "schema_version": 0,
          "attributes": {
            "external_member_entity_ids": false,
            "external_policies": false,
            "id": "edfe5e04-c019-e127-7e66-a7c0706df576",
            "member_entity_ids": [
              "b1c127f1-65db-99f4-40fa-072106609d59"
            ],
            "member_group_ids": [],
            "metadata": {},
            "name": "ci",
            "policies": [
              "ci"
            ],
            "type": "internal"
          },
          "sensitive_attributes": [],
          "private": "bnVsbA==",
          "dependencies": [
            "vault_identity_entity.ci_service"
          ]
        }
      ]
    },
    {
      "mode": "managed",
      "type": "vault_identity_group",
      "name": "generic_service",
      "provider": "provider[\"registry.terraform.io/hashicorp/vault\"]",
      "instances": [
        {
          "index_key": "dev",
          "schema_version": 0,
          "attributes": {
            "external_member_entity_ids": false,
            "external_policies": false,
            "id": "fec8d6f6-5399-91c7-732e-267fa8845c28",
            "member_entity_ids": [
              "95051c3d-ba39-4ebc-8bec-6d71a641c157"
            ],
            "member_group_ids": [],
            "metadata": {},
            "name": "dev-generic-service",
            "policies": [
              "dev-pki-client-sign",
              "dev-pki-server-sign",
              "dev-pki-svc-sign"
            ],
            "type": "internal"
          },
          "sensitive_attributes": [],
          "private": "bnVsbA==",
          "dependencies": [
            "vault_identity_entity.generic_service"
          ]
        },
        {
          "index_key": "prod",
          "schema_version": 0,
          "attributes": {
            "external_member_entity_ids": false,
            "external_policies": false,
            "id": "d57b7f81-7007-d2f0-4ac5-9a0d227f299d",
            "member_entity_ids": [
              "8f19206a-0280-2185-6c92-5614b413ef80"
            ],
            "member_group_ids": [],
            "metadata": {},
            "name": "prod-generic-service",
            "policies": [
              "prod-pki-client-sign",
              "prod-pki-server-sign",
              "prod-pki-svc-sign"
            ],
            "type": "internal"
          },
          "sensitive_attributes": [],
          "private": "bnVsbA==",
          "dependencies": [
            "vault_identity_entity.generic_service"
          ]
        },
        {
          "index_key": "stag",
          "schema_version": 0,
          "attributes": {
            "external_member_entity_ids": false,
            "external_policies": false,
            "id": "87f0fc2f-e023-4025-d0a8-1004e8a4cccf",
            "member_entity_ids": [
              "bb71a64d-80ef-0a13-bdbd-c3c268f3d2b2"
            ],
            "member_group_ids": [],
            "metadata": {},
            "name": "stag-generic-service",
            "policies": [
              "stag-pki-client-sign",
              "stag-pki-server-sign",
              "stag-pki-svc-sign"
            ],
            "type": "internal"
          },
          "sensitive_attributes": [],
          "private": "bnVsbA==",
          "dependencies": [
            "vault_identity_entity.generic_service"
          ]
        }
      ]
    },
    {
      "mode": "managed",
      "type": "vault_identity_group",
      "name": "oidc_ci",
      "provider": "provider[\"registry.terraform.io/hashicorp/vault\"]",
      "instances": [
        {
          "schema_version": 0,
          "attributes": {
            "external_member_entity_ids": false,
            "external_policies": false,
            "id": "5e345a59-073d-8598-4bbc-0d41ee73737b",
            "member_entity_ids": [],
            "member_group_ids": [
              "edfe5e04-c019-e127-7e66-a7c0706df576"
            ],
            "metadata": {},
            "name": "oidc-ci",
            "policies": [
              "svc-oidc-token"
            ],
            "type": "internal"
          },
          "sensitive_attributes": [],
          "private": "bnVsbA==",
          "dependencies": [
            "vault_identity_entity.ci_service",
            "vault_identity_group.ci_service",
            "vault_policy.svc_read_oidc_token"
          ]
        }
      ]
    },
    {
      "mode": "managed",
      "type": "vault_identity_group",
      "name": "oidc_generic_service",
      "provider": "provider[\"registry.terraform.io/hashicorp/vault\"]",
      "instances": [
        {
          "index_key": "dev",
          "schema_version": 0,
          "attributes": {
            "external_member_entity_ids": false,
            "external_policies": false,
            "id": "33bb1a06-e8b7-2b45-db2f-38a31de190f6",
            "member_entity_ids": [],
            "member_group_ids": [
              "fec8d6f6-5399-91c7-732e-267fa8845c28"
            ],
            "metadata": {},
            "name": "dev-oidc-generic-service",
            "policies": [
              "svc-oidc-token"
            ],
            "type": "internal"
          },
          "sensitive_attributes": [],
          "private": "bnVsbA==",
          "dependencies": [
            "vault_identity_entity.generic_service",
            "vault_identity_group.generic_service",
            "vault_policy.svc_read_oidc_token"
          ]
        },
        {
          "index_key": "prod",
          "schema_version": 0,
          "attributes": {
            "external_member_entity_ids": false,
            "external_policies": false,
            "id": "0ea6190a-078f-7655-79a7-eb1a34c30583",
            "member_entity_ids": [],
            "member_group_ids": [
              "d57b7f81-7007-d2f0-4ac5-9a0d227f299d"
            ],
            "metadata": {},
            "name": "prod-oidc-generic-service",
            "policies": [
              "svc-oidc-token"
            ],
            "type": "internal"
          },
          "sensitive_attributes": [],
          "private": "bnVsbA==",
          "dependencies": [
            "vault_identity_entity.generic_service",
            "vault_identity_group.generic_service",
            "vault_policy.svc_read_oidc_token"
          ]
        },
        {
          "index_key": "stag",
          "schema_version": 0,
          "attributes": {
            "external_member_entity_ids": false,
            "external_policies": false,
            "id": "b827c3c1-17c2-f65b-5eeb-6b75431eb2c3",
            "member_entity_ids": [],
            "member_group_ids": [
              "87f0fc2f-e023-4025-d0a8-1004e8a4cccf"
            ],
            "metadata": {},
            "name": "stag-oidc-generic-service",
            "policies": [
              "svc-oidc-token"
            ],
            "type": "internal"
          },
          "sensitive_attributes": [],
          "private": "bnVsbA==",
          "dependencies": [
            "vault_identity_entity.generic_service",
            "vault_identity_group.generic_service",
            "vault_policy.svc_read_oidc_token"
          ]
        }
      ]
    },
    {
      "mode": "managed",
      "type": "vault_identity_oidc",
      "name": "server",
      "provider": "provider[\"registry.terraform.io/hashicorp/vault\"]",
      "instances": [
        {
          "schema_version": 0,
          "attributes": {
            "id": "http://127.0.0.1:8200",
            "issuer": "http://127.0.0.1:8200"
          },
          "sensitive_attributes": [],
          "private": "bnVsbA=="
        }
      ]
    },
    {
      "mode": "managed",
      "type": "vault_identity_oidc_key",
      "name": "key",
      "provider": "provider[\"registry.terraform.io/hashicorp/vault\"]",
      "instances": [
        {
          "schema_version": 0,
          "attributes": {
            "algorithm": "ES256",
            "allowed_client_ids": [
              "B2EKPaZlOVCTPwuh5LdyeTpZku",
              "BcsYAEW37ynx4JJnL6SfD5njLr",
              "O8GVqJJyVBM8mFGwdVgbIPPN0R",
              "eVk5AjOnpyCGqePsTOxieFMKfQ"
            ],
            "id": "key",
            "name": "key",
            "rotation_period": 86400,
            "verification_ttl": 86400
          },
          "sensitive_attributes": [],
          "private": "bnVsbA=="
        }
      ]
    },
    {
      "mode": "managed",
      "type": "vault_identity_oidc_key_allowed_client_id",
      "name": "ci",
      "provider": "provider[\"registry.terraform.io/hashicorp/vault\"]",
      "instances": [
        {
          "schema_version": 0,
          "attributes": {
            "allowed_client_id": "O8GVqJJyVBM8mFGwdVgbIPPN0R",
            "id": "key/O8GVqJJyVBM8mFGwdVgbIPPN0R",
            "key_name": "key"
          },
          "sensitive_attributes": [],
          "private": "bnVsbA==",
          "dependencies": [
            "vault_identity_oidc_key.key",
            "vault_identity_oidc_role.ci"
          ]
        }
      ]
    },
    {
      "mode": "managed",
      "type": "vault_identity_oidc_key_allowed_client_id",
      "name": "host",
      "provider": "provider[\"registry.terraform.io/hashicorp/vault\"]",
      "instances": [
        {
          "schema_version": 0,
          "attributes": {
            "allowed_client_id": "BcsYAEW37ynx4JJnL6SfD5njLr",
            "id": "key/BcsYAEW37ynx4JJnL6SfD5njLr",
            "key_name": "key"
          },
          "sensitive_attributes": [],
          "private": "bnVsbA==",
          "dependencies": [
            "vault_identity_oidc_key.key",
            "vault_identity_oidc_role.host"
          ]
        }
      ]
    },
    {
      "mode": "managed",
      "type": "vault_identity_oidc_key_allowed_client_id",
      "name": "human",
      "provider": "provider[\"registry.terraform.io/hashicorp/vault\"]",
      "instances": [
        {
          "schema_version": 0,
          "attributes": {
            "allowed_client_id": "eVk5AjOnpyCGqePsTOxieFMKfQ",
            "id": "key/eVk5AjOnpyCGqePsTOxieFMKfQ",
            "key_name": "key"
          },
          "sensitive_attributes": [],
          "private": "bnVsbA==",
          "dependencies": [
            "vault_identity_oidc_key.key",
            "vault_identity_oidc_role.human"
          ]
        }
      ]
    },
    {
      "mode": "managed",
      "type": "vault_identity_oidc_key_allowed_client_id",
      "name": "service",
      "provider": "provider[\"registry.terraform.io/hashicorp/vault\"]",
      "instances": [
        {
          "schema_version": 0,
          "attributes": {
            "allowed_client_id": "B2EKPaZlOVCTPwuh5LdyeTpZku",
            "id": "key/B2EKPaZlOVCTPwuh5LdyeTpZku",
            "key_name": "key"
          },
          "sensitive_attributes": [],
          "private": "bnVsbA==",
          "dependencies": [
            "vault_identity_oidc_key.key",
            "vault_identity_oidc_role.service"
          ]
        }
      ]
    },
    {
      "mode": "managed",
      "type": "vault_identity_oidc_role",
      "name": "ci",
      "provider": "provider[\"registry.terraform.io/hashicorp/vault\"]",
      "instances": [
        {
          "schema_version": 0,
          "attributes": {
            "client_id": "O8GVqJJyVBM8mFGwdVgbIPPN0R",
            "id": "ci",
            "key": "key",
            "name": "ci",
            "template": "{\n  \"groups\": {{identity.entity.groups.names}},\n  \"nbf\": {{time.now}}\n}\n",
            "ttl": 86400
          },
          "sensitive_attributes": [],
          "private": "bnVsbA==",
          "dependencies": [
            "vault_identity_oidc_key.key"
          ]
        }
      ]
    },
    {
      "mode": "managed",
      "type": "vault_identity_oidc_role",
      "name": "host",
      "provider": "provider[\"registry.terraform.io/hashicorp/vault\"]",
      "instances": [
        {
          "schema_version": 0,
          "attributes": {
            "client_id": "BcsYAEW37ynx4JJnL6SfD5njLr",
            "id": "host",
            "key": "key",
            "name": "host",
            "template": "{\n  \"groups\": {{identity.entity.groups.names}},\n  \"nbf\": {{time.now}}\n}\n",
            "ttl": 86400
          },
          "sensitive_attributes": [],
          "private": "bnVsbA==",
          "dependencies": [
            "vault_identity_oidc_key.key"
          ]
        }
      ]
    },
    {
      "mode": "managed",
      "type": "vault_identity_oidc_role",
      "name": "human",
      "provider": "provider[\"registry.terraform.io/hashicorp/vault\"]",
      "instances": [
        {
          "schema_version": 0,
          "attributes": {
            "client_id": "eVk5AjOnpyCGqePsTOxieFMKfQ",
            "id": "human",
            "key": "key",
            "name": "human",
            "template": "{\n  \"groups\": {{identity.entity.groups.names}},\n  \"nbf\": {{time.now}}\n}\n",
            "ttl": 86400
          },
          "sensitive_attributes": [],
          "private": "bnVsbA==",
          "dependencies": [
            "vault_identity_oidc_key.key"
          ]
        }
      ]
    },
    {
      "mode": "managed",
      "type": "vault_identity_oidc_role",
      "name": "service",
      "provider": "provider[\"registry.terraform.io/hashicorp/vault\"]",
      "instances": [
        {
          "schema_version": 0,
          "attributes": {
            "client_id": "B2EKPaZlOVCTPwuh5LdyeTpZku",
            "id": "service",
            "key": "key",
            "name": "service",
            "template": "{\n  \"groups\": {{identity.entity.groups.names}},\n  \"nbf\": {{time.now}}\n}\n",
            "ttl": 86400
          },
          "sensitive_attributes": [],
          "private": "bnVsbA==",
          "dependencies": [
            "vault_identity_oidc_key.key"
          ]
        }
      ]
    },
    {
      "mode": "managed",
      "type": "vault_mount",
      "name": "adm_creds",
      "provider": "provider[\"registry.terraform.io/hashicorp/vault\"]",
      "instances": [
        {
          "schema_version": 0,
          "attributes": {
            "accessor": "kv_05befc63",
            "default_lease_ttl_seconds": 0,
            "description": "",
            "external_entropy_access": false,
            "id": "adm-creds/kv",
            "local": false,
            "max_lease_ttl_seconds": 0,
            "options": {
              "version": "2"
            },
            "path": "adm-creds/kv",
            "seal_wrap": false,
            "type": "kv"
          },
          "sensitive_attributes": [],
          "private": "bnVsbA=="
        }
      ]
    },
    {
      "mode": "managed",
      "type": "vault_mount",
      "name": "ci_kv",
      "provider": "provider[\"registry.terraform.io/hashicorp/vault\"]",
      "instances": [
        {
          "schema_version": 0,
          "attributes": {
            "accessor": "kv_a2a95555",
            "default_lease_ttl_seconds": 0,
            "description": "",
            "external_entropy_access": false,
            "id": "ci/kv",
            "local": false,
            "max_lease_ttl_seconds": 0,
            "options": {
              "version": "2"
            },
            "path": "ci/kv",
            "seal_wrap": false,
            "type": "kv"
          },
          "sensitive_attributes": [],
          "private": "bnVsbA=="
        }
      ]
    },
    {
      "mode": "managed",
      "type": "vault_mount",
      "name": "hosts_kv",
      "provider": "provider[\"registry.terraform.io/hashicorp/vault\"]",
      "instances": [
        {
          "schema_version": 0,
          "attributes": {
            "accessor": "kv_d4a28e89",
            "default_lease_ttl_seconds": 0,
            "description": "",
            "external_entropy_access": false,
            "id": "hosts/kv",
            "local": false,
            "max_lease_ttl_seconds": 0,
            "options": {
              "version": "2"
            },
            "path": "hosts/kv",
            "seal_wrap": false,
            "type": "kv"
          },
          "sensitive_attributes": [],
          "private": "bnVsbA=="
        }
      ]
    },
    {
      "mode": "managed",
      "type": "vault_mount",
      "name": "kv",
      "provider": "provider[\"registry.terraform.io/hashicorp/vault\"]",
      "instances": [
        {
          "index_key": "dev",
          "schema_version": 0,
          "attributes": {
            "accessor": "kv_28b46a9f",
            "default_lease_ttl_seconds": 0,
            "description": "",
            "external_entropy_access": false,
            "id": "dev/kv",
            "local": false,
            "max_lease_ttl_seconds": 0,
            "options": {
              "version": "2"
            },
            "path": "dev/kv",
            "seal_wrap": false,
            "type": "kv"
          },
          "sensitive_attributes": [],
          "private": "bnVsbA=="
        },
        {
          "index_key": "prod",
          "schema_version": 0,
          "attributes": {
            "accessor": "kv_3171e37b",
            "default_lease_ttl_seconds": 0,
            "description": "",
            "external_entropy_access": false,
            "id": "prod/kv",
            "local": false,
            "max_lease_ttl_seconds": 0,
            "options": {
              "version": "2"
            },
            "path": "prod/kv",
            "seal_wrap": false,
            "type": "kv"
          },
          "sensitive_attributes": [],
          "private": "bnVsbA=="
        },
        {
          "index_key": "stag",
          "schema_version": 0,
          "attributes": {
            "accessor": "kv_0780fe03",
            "default_lease_ttl_seconds": 0,
            "description": "",
            "external_entropy_access": false,
            "id": "stag/kv",
            "local": false,
            "max_lease_ttl_seconds": 0,
            "options": {
              "version": "2"
            },
            "path": "stag/kv",
            "seal_wrap": false,
            "type": "kv"
          },
          "sensitive_attributes": [],
          "private": "bnVsbA=="
        }
      ]
    },
    {
      "mode": "managed",
      "type": "vault_mount",
      "name": "pki_intermediate",
      "provider": "provider[\"registry.terraform.io/hashicorp/vault\"]",
      "instances": [
        {
          "index_key": "dev",
          "schema_version": 0,
          "attributes": {
            "accessor": "pki_9331204e",
            "default_lease_ttl_seconds": 315360000,
            "description": "",
            "external_entropy_access": false,
            "id": "dev/pki/pki_intermediate",
            "local": false,
            "max_lease_ttl_seconds": 315360000,
            "options": {},
            "path": "dev/pki/pki_intermediate",
            "seal_wrap": false,
            "type": "pki"
          },
          "sensitive_attributes": [],
          "private": "bnVsbA=="
        },
        {
          "index_key": "prod",
          "schema_version": 0,
          "attributes": {
            "accessor": "pki_d4f67b18",
            "default_lease_ttl_seconds": 315360000,
            "description": "",
            "external_entropy_access": false,
            "id": "prod/pki/pki_intermediate",
            "local": false,
            "max_lease_ttl_seconds": 315360000,
            "options": {},
            "path": "prod/pki/pki_intermediate",
            "seal_wrap": false,
            "type": "pki"
          },
          "sensitive_attributes": [],
          "private": "bnVsbA=="
        },
        {
          "index_key": "stag",
          "schema_version": 0,
          "attributes": {
            "accessor": "pki_b072d51a",
            "default_lease_ttl_seconds": 315360000,
            "description": "",
            "external_entropy_access": false,
            "id": "stag/pki/pki_intermediate",
            "local": false,
            "max_lease_ttl_seconds": 315360000,
            "options": {},
            "path": "stag/pki/pki_intermediate",
            "seal_wrap": false,
            "type": "pki"
          },
          "sensitive_attributes": [],
          "private": "bnVsbA=="
        }
      ]
    },
    {
      "mode": "managed",
      "type": "vault_mount",
      "name": "pki_root",
      "provider": "provider[\"registry.terraform.io/hashicorp/vault\"]",
      "instances": [
        {
          "index_key": "dev",
          "schema_version": 0,
          "attributes": {
            "accessor": "pki_d080c747",
            "default_lease_ttl_seconds": 315360000,
            "description": "",
            "external_entropy_access": false,
            "id": "dev/pki/pki_root",
            "local": false,
            "max_lease_ttl_seconds": 315360000,
            "options": {},
            "path": "dev/pki/pki_root",
            "seal_wrap": false,
            "type": "pki"
          },
          "sensitive_attributes": [],
          "private": "bnVsbA=="
        },
        {
          "index_key": "prod",
          "schema_version": 0,
          "attributes": {
            "accessor": "pki_e6b85a23",
            "default_lease_ttl_seconds": 315360000,
            "description": "",
            "external_entropy_access": false,
            "id": "prod/pki/pki_root",
            "local": false,
            "max_lease_ttl_seconds": 315360000,
            "options": {},
            "path": "prod/pki/pki_root",
            "seal_wrap": false,
            "type": "pki"
          },
          "sensitive_attributes": [],
          "private": "bnVsbA=="
        },
        {
          "index_key": "stag",
          "schema_version": 0,
          "attributes": {
            "accessor": "pki_c58e8e55",
            "default_lease_ttl_seconds": 315360000,
            "description": "",
            "external_entropy_access": false,
            "id": "stag/pki/pki_root",
            "local": false,
            "max_lease_ttl_seconds": 315360000,
            "options": {},
            "path": "stag/pki/pki_root",
            "seal_wrap": false,
            "type": "pki"
          },
          "sensitive_attributes": [],
          "private": "bnVsbA=="
        }
      ]
    },
    {
      "mode": "managed",
      "type": "vault_mount",
      "name": "ssh",
      "provider": "provider[\"registry.terraform.io/hashicorp/vault\"]",
      "instances": [
        {
          "index_key": "dev",
          "schema_version": 0,
          "attributes": {
            "accessor": "ssh_a09cdde1",
            "default_lease_ttl_seconds": 0,
            "description": "",
            "external_entropy_access": false,
            "id": "dev/ssh",
            "local": false,
            "max_lease_ttl_seconds": 0,
            "options": {},
            "path": "dev/ssh",
            "seal_wrap": false,
            "type": "ssh"
          },
          "sensitive_attributes": [],
          "private": "bnVsbA=="
        },
        {
          "index_key": "prod",
          "schema_version": 0,
          "attributes": {
            "accessor": "ssh_c79c7415",
            "default_lease_ttl_seconds": 0,
            "description": "",
            "external_entropy_access": false,
            "id": "prod/ssh",
            "local": false,
            "max_lease_ttl_seconds": 0,
            "options": {},
            "path": "prod/ssh",
            "seal_wrap": false,
            "type": "ssh"
          },
          "sensitive_attributes": [],
          "private": "bnVsbA=="
        },
        {
          "index_key": "stag",
          "schema_version": 0,
          "attributes": {
            "accessor": "ssh_c2d6748d",
            "default_lease_ttl_seconds": 0,
            "description": "",
            "external_entropy_access": false,
            "id": "stag/ssh",
            "local": false,
            "max_lease_ttl_seconds": 0,
            "options": {},
            "path": "stag/ssh",
            "seal_wrap": false,
            "type": "ssh"
          },
          "sensitive_attributes": [],
          "private": "bnVsbA=="
        }
      ]
    },
    {
      "mode": "managed",
      "type": "vault_pki_secret_backend_config_urls",
      "name": "config_urls",
      "provider": "provider[\"registry.terraform.io/hashicorp/vault\"]",
      "instances": [
        {
          "index_key": "dev",
          "schema_version": 0,
          "attributes": {
            "backend": "dev/pki/pki_root",
            "crl_distribution_points": [],
            "id": "dev/pki/pki_root/config/urls",
            "issuing_certificates": [
              "http://127.0.0.1:8200/v1/dev/pki/pki_root/ca/pem"
            ],
            "ocsp_servers": []
          },
          "sensitive_attributes": [],
          "private": "bnVsbA==",
          "dependencies": [
            "vault_mount.pki_root"
          ]
        },
        {
          "index_key": "prod",
          "schema_version": 0,
          "attributes": {
            "backend": "prod/pki/pki_root",
            "crl_distribution_points": [],
            "id": "prod/pki/pki_root/config/urls",
            "issuing_certificates": [
              "http://127.0.0.1:8200/v1/prod/pki/pki_root/ca/pem"
            ],
            "ocsp_servers": []
          },
          "sensitive_attributes": [],
          "private": "bnVsbA==",
          "dependencies": [
            "vault_mount.pki_root"
          ]
        },
        {
          "index_key": "stag",
          "schema_version": 0,
          "attributes": {
            "backend": "stag/pki/pki_root",
            "crl_distribution_points": [],
            "id": "stag/pki/pki_root/config/urls",
            "issuing_certificates": [
              "http://127.0.0.1:8200/v1/stag/pki/pki_root/ca/pem"
            ],
            "ocsp_servers": []
          },
          "sensitive_attributes": [],
          "private": "bnVsbA==",
          "dependencies": [
            "vault_mount.pki_root"
          ]
        }
      ]
    },
    {
      "mode": "managed",
      "type": "vault_pki_secret_backend_config_urls",
      "name": "config_urls_int",
      "provider": "provider[\"registry.terraform.io/hashicorp/vault\"]",
      "instances": [
        {
          "index_key": "dev",
          "schema_version": 0,
          "attributes": {
            "backend": "dev/pki/pki_intermediate",
            "crl_distribution_points": [],
            "id": "dev/pki/pki_intermediate/config/urls",
            "issuing_certificates": [
              "http://127.0.0.1:8200/v1/dev/pki/pki_intermediate/ca/pem"
            ],
            "ocsp_servers": []
          },
          "sensitive_attributes": [],
          "private": "bnVsbA==",
          "dependencies": [
            "vault_mount.pki_intermediate"
          ]
        },
        {
          "index_key": "prod",
          "schema_version": 0,
          "attributes": {
            "backend": "prod/pki/pki_intermediate",
            "crl_distribution_points": [],
            "id": "prod/pki/pki_intermediate/config/urls",
            "issuing_certificates": [
              "http://127.0.0.1:8200/v1/prod/pki/pki_intermediate/ca/pem"
            ],
            "ocsp_servers": []
          },
          "sensitive_attributes": [],
          "private": "bnVsbA==",
          "dependencies": [
            "vault_mount.pki_intermediate"
          ]
        },
        {
          "index_key": "stag",
          "schema_version": 0,
          "attributes": {
            "backend": "stag/pki/pki_intermediate",
            "crl_distribution_points": [],
            "id": "stag/pki/pki_intermediate/config/urls",
            "issuing_certificates": [
              "http://127.0.0.1:8200/v1/stag/pki/pki_intermediate/ca/pem"
            ],
            "ocsp_servers": []
          },
          "sensitive_attributes": [],
          "private": "bnVsbA==",
          "dependencies": [
            "vault_mount.pki_intermediate"
          ]
        }
      ]
    },
    {
      "mode": "managed",
      "type": "vault_pki_secret_backend_intermediate_cert_request",
      "name": "intermediate",
      "provider": "provider[\"registry.terraform.io/hashicorp/vault\"]",
      "instances": [
        {
          "index_key": "dev",
          "schema_version": 0,
          "attributes": {
            "alt_names": null,
            "backend": "dev/pki/pki_intermediate",
            "common_name": "example.com intermediate CA (dev)",
            "country": null,
            "csr": "-----BEGIN CERTIFICATE REQUEST-----\nMIIBiTCB6wIBADBGMRgwFgYDVQQKEw9kZXYtZXhhbXBsZS5jb20xKjAoBgNVBAMT\nIWV4YW1wbGUuY29tIGludGVybWVkaWF0ZSBDQSAoZGV2KTCBmzAQBgcqhkjOPQIB\nBgUrgQQAIwOBhgAEAXJ8Aq4TdPm0y7OsLi5lPTAwENCzi3k2d65g3bqBcNZ9sHgE\naHTeBcGxCawwG8QfbNGuA7O0+8D9XTlYdm3CzpdsAZVfWVrjAgU+UDci5fCm1AG8\nBuC6qjrTQi1Wy9znTXV8QkWUuDIq3Z9vlHZi1QK6MMWRZGSC3FIVxh3N0IrHhc+e\noAAwCgYIKoZIzj0EAwIDgYwAMIGIAkIAieeI9scB855kN7kiLzT2K3h+P15el0fX\nIi7lDUWteqNu7tuEnrbIJ2vDzc7tthi6VsVCh7hjmrA4Jh4ubzi35bkCQgFk9IMH\nl/tHfwW0P8M6HnJdvy+Fo2J8lePa/24m8Y9ECpo3trSVRaz/vFjHTysf9iEBiock\nDhpign6mA9ZW3lIqZg==\n-----END CERTIFICATE REQUEST-----",
            "exclude_cn_from_sans": null,
            "format": "pem",
            "id": "dev/pki/pki_intermediate/intermediate/generate/internal",
            "ip_sans": null,
            "key_bits": 521,
            "key_type": "ec",
            "locality": null,
            "organization": "dev-example.com",
            "other_sans": null,
            "ou": null,
            "postal_code": null,
            "private_key": null,
            "private_key_format": "der",
            "private_key_type": null,
            "province": null,
            "street_address": null,
            "type": "internal",
            "uri_sans": null
          },
          "sensitive_attributes": [],
          "private": "bnVsbA==",
          "dependencies": [
            "vault_mount.pki_intermediate"
          ]
        },
        {
          "index_key": "prod",
          "schema_version": 0,
          "attributes": {
            "alt_names": null,
            "backend": "prod/pki/pki_intermediate",
            "common_name": "example.com intermediate CA (prod)",
            "country": null,
            "csr": "-----BEGIN CERTIFICATE REQUEST-----\nMIIBijCB7QIBADBIMRkwFwYDVQQKExBwcm9kLWV4YW1wbGUuY29tMSswKQYDVQQD\nEyJleGFtcGxlLmNvbSBpbnRlcm1lZGlhdGUgQ0EgKHByb2QpMIGbMBAGByqGSM49\nAgEGBSuBBAAjA4GGAAQBGtxzKNd7JwgUfA9x2qCXrbR1HeutVr15mDcCnOI+gKjJ\nX1/OkApvpQKb5Iq8S7Z2b8i52vFStcJNUJf91e+fhTIAB+eKJvtgJHiIyVRDPhiJ\nIVDiU8QyqJ3gO3bVQ+LpdO5ogYqHxt3+KRIWrIrE9xk16ivT1JdilNlE0O8nudop\nn32gADAKBggqhkjOPQQDAgOBiwAwgYcCQgGpijJwG13woXfNbnEFo05uVl+RRfsy\nwawyK/HY0MR3dS/HV6LqC3u4i7rB+uJrV4ElgnneKCbBCXsUJ3tSJh/3PwJBdSx/\nXJbfLihb8DYZDAnhoahrgpUZDPhl6Fj+PMMIL0Xla3w2CB/0kbGaEMM0pL4zhVJb\ndVenATUpOc1D3E2nVBQ=\n-----END CERTIFICATE REQUEST-----",
            "exclude_cn_from_sans": null,
            "format": "pem",
            "id": "prod/pki/pki_intermediate/intermediate/generate/internal",
            "ip_sans": null,
            "key_bits": 521,
            "key_type": "ec",
            "locality": null,
            "organization": "prod-example.com",
            "other_sans": null,
            "ou": null,
            "postal_code": null,
            "private_key": null,
            "private_key_format": "der",
            "private_key_type": null,
            "province": null,
            "street_address": null,
            "type": "internal",
            "uri_sans": null
          },
          "sensitive_attributes": [],
          "private": "bnVsbA==",
          "dependencies": [
            "vault_mount.pki_intermediate"
          ]
        },
        {
          "index_key": "stag",
          "schema_version": 0,
          "attributes": {
            "alt_names": null,
            "backend": "stag/pki/pki_intermediate",
            "common_name": "example.com intermediate CA (stag)",
            "country": null,
            "csr": "-----BEGIN CERTIFICATE REQUEST-----\nMIIBizCB7QIBADBIMRkwFwYDVQQKExBzdGFnLWV4YW1wbGUuY29tMSswKQYDVQQD\nEyJleGFtcGxlLmNvbSBpbnRlcm1lZGlhdGUgQ0EgKHN0YWcpMIGbMBAGByqGSM49\nAgEGBSuBBAAjA4GGAAQANFpxzBTXGB8iO422g9UnvlTKzQtx6SvfazSlqnvHfYiO\ni8QCNXlIuwlb0GqEdUEJEZv5+t/d2gnqVMDy+cFNdlQAjhhfBO9Z+2rp1Ud4PSOa\nds/EQKJ58ALmRqlExmEIOX/ftwT3MHibhpKboWCrojBaG1AO0Pjrv/kSPPGyjYXr\npH6gADAKBggqhkjOPQQDAgOBjAAwgYgCQgFtTTVphkQUWvVmTU6NCpz98iUhYrfD\nhSlUDxUdKeQrrQLxLE/Eap9PtD4ZBDlBW4KMklSBnjutAis0X5356rk7rgJCAU/V\nEH73yGba97AgsmrHpQR7wXGvr/wmjt8Tz2HGLqqoFIBfCLEdOSvkloqsu+2v76xe\nZso6NnLv9jxG+zpCKht1\n-----END CERTIFICATE REQUEST-----",
            "exclude_cn_from_sans": null,
            "format": "pem",
            "id": "stag/pki/pki_intermediate/intermediate/generate/internal",
            "ip_sans": null,
            "key_bits": 521,
            "key_type": "ec",
            "locality": null,
            "organization": "stag-example.com",
            "other_sans": null,
            "ou": null,
            "postal_code": null,
            "private_key": null,
            "private_key_format": "der",
            "private_key_type": null,
            "province": null,
            "street_address": null,
            "type": "internal",
            "uri_sans": null
          },
          "sensitive_attributes": [],
          "private": "bnVsbA==",
          "dependencies": [
            "vault_mount.pki_intermediate"
          ]
        }
      ]
    },
    {
      "mode": "managed",
      "type": "vault_pki_secret_backend_intermediate_set_signed",
      "name": "intermediate",
      "provider": "provider[\"registry.terraform.io/hashicorp/vault\"]",
      "instances": [
        {
          "index_key": "dev",
          "schema_version": 0,
          "attributes": {
            "backend": "dev/pki/pki_intermediate",
            "certificate": "-----BEGIN CERTIFICATE-----\nMIICwTCCAiKgAwIBAgIUez86ZeC3qDaqQx0KNvgrnuAmFPcwCgYIKoZIzj0EAwIw\nPjEYMBYGA1UEChMPZGV2LWV4YW1wbGUuY29tMSIwIAYDVQQDExlleGFtcGxlLmNv\nbSByb290IENBIChkZXYpMB4XDTIxMDcxMjEzNTkwN1oXDTMxMDcxMDEzNTkzN1ow\nRjEYMBYGA1UEChMPZGV2LWV4YW1wbGUuY29tMSowKAYDVQQDEyFleGFtcGxlLmNv\nbSBpbnRlcm1lZGlhdGUgQ0EgKGRldikwgZswEAYHKoZIzj0CAQYFK4EEACMDgYYA\nBAFyfAKuE3T5tMuzrC4uZT0wMBDQs4t5NneuYN26gXDWfbB4BGh03gXBsQmsMBvE\nH2zRrgOztPvA/V05WHZtws6XbAGVX1la4wIFPlA3IuXwptQBvAbguqo600ItVsvc\n5011fEJFlLgyKt2fb5R2YtUCujDFkWRkgtxSFcYdzdCKx4XPnqOBsjCBrzAOBgNV\nHQ8BAf8EBAMCAQYwDwYDVR0TAQH/BAUwAwEB/zAdBgNVHQ4EFgQUuXCyw2K4nvfq\n6C99GoSNv0LhhekwHwYDVR0jBBgwFoAUAGz3z65ZbeJK0j2EFeQ0DD/CvU8wTAYI\nKwYBBQUHAQEEQDA+MDwGCCsGAQUFBzAChjBodHRwOi8vMTI3LjAuMC4xOjgyMDAv\ndjEvZGV2L3BraS9wa2lfcm9vdC9jYS9wZW0wCgYIKoZIzj0EAwIDgYwAMIGIAkIB\npc3bl76OlG0XjIS/LW3YqU+AZss+aj5tcn2qnCYLYPDZ4WjICOy9Ea7SN3m9rEhN\nqrvh1S11wMEKRmChMAO6xpUCQgCMyBSC2gOVgo7q8tCLlYR0kOo4VRrjsfg5o7BX\npaSKVxH8GFL2in95LVj+81QgRdYNDjn1W6vJDoml7XAAO86dFg==\n-----END CERTIFICATE-----",
            "id": "dev/pki/pki_intermediate/intermediate/set-signed"
          },
          "sensitive_attributes": [],
          "private": "bnVsbA==",
          "dependencies": [
            "vault_mount.pki_intermediate",
            "vault_mount.pki_root",
            "vault_pki_secret_backend_intermediate_cert_request.intermediate",
            "vault_pki_secret_backend_root_sign_intermediate.intermediate"
          ]
        },
        {
          "index_key": "prod",
          "schema_version": 0,
          "attributes": {
            "backend": "prod/pki/pki_intermediate",
            "certificate": "-----BEGIN CERTIFICATE-----\nMIICxjCCAiegAwIBAgIUYBlmecv7GTlmVN8GxpeXFVj05h4wCgYIKoZIzj0EAwIw\nQDEZMBcGA1UEChMQcHJvZC1leGFtcGxlLmNvbTEjMCEGA1UEAxMaZXhhbXBsZS5j\nb20gcm9vdCBDQSAocHJvZCkwHhcNMjEwNzEyMTM1OTA3WhcNMzEwNzEwMTM1OTM3\nWjBIMRkwFwYDVQQKExBwcm9kLWV4YW1wbGUuY29tMSswKQYDVQQDEyJleGFtcGxl\nLmNvbSBpbnRlcm1lZGlhdGUgQ0EgKHByb2QpMIGbMBAGByqGSM49AgEGBSuBBAAj\nA4GGAAQBGtxzKNd7JwgUfA9x2qCXrbR1HeutVr15mDcCnOI+gKjJX1/OkApvpQKb\n5Iq8S7Z2b8i52vFStcJNUJf91e+fhTIAB+eKJvtgJHiIyVRDPhiJIVDiU8QyqJ3g\nO3bVQ+LpdO5ogYqHxt3+KRIWrIrE9xk16ivT1JdilNlE0O8nudopn32jgbMwgbAw\nDgYDVR0PAQH/BAQDAgEGMA8GA1UdEwEB/wQFMAMBAf8wHQYDVR0OBBYEFHkzVslM\n7FH8RK4bNS6EL2iC6Ae8MB8GA1UdIwQYMBaAFBit488zwYDtOAESwZXvHeIC/lse\nME0GCCsGAQUFBwEBBEEwPzA9BggrBgEFBQcwAoYxaHR0cDovLzEyNy4wLjAuMTo4\nMjAwL3YxL3Byb2QvcGtpL3BraV9yb290L2NhL3BlbTAKBggqhkjOPQQDAgOBjAAw\ngYgCQgCxF1JMcNBCf1TxWZ6MLQPwUITDzoHzhjN8ypjLzXT4TCDXObxVOsfBcqhI\nR90jhJv32gQWgr619dAIEjz8T4mAsgJCAKGNcUN9uZ2tUBG9k9WBd2o1meLdvYaI\nKcBAXKku8HBW12TCblB480CHmmGI92F1bdUV22tx9wr/Bda95vQPBVBI\n-----END CERTIFICATE-----",
            "id": "prod/pki/pki_intermediate/intermediate/set-signed"
          },
          "sensitive_attributes": [],
          "private": "bnVsbA==",
          "dependencies": [
            "vault_mount.pki_intermediate",
            "vault_mount.pki_root",
            "vault_pki_secret_backend_intermediate_cert_request.intermediate",
            "vault_pki_secret_backend_root_sign_intermediate.intermediate"
          ]
        },
        {
          "index_key": "stag",
          "schema_version": 0,
          "attributes": {
            "backend": "stag/pki/pki_intermediate",
            "certificate": "-----BEGIN CERTIFICATE-----\nMIICxjCCAiegAwIBAgIUYIM7cEY2M5XuyfqKQdjSGHvvzEYwCgYIKoZIzj0EAwIw\nQDEZMBcGA1UEChMQc3RhZy1leGFtcGxlLmNvbTEjMCEGA1UEAxMaZXhhbXBsZS5j\nb20gcm9vdCBDQSAoc3RhZykwHhcNMjEwNzEyMTM1OTA3WhcNMzEwNzEwMTM1OTM3\nWjBIMRkwFwYDVQQKExBzdGFnLWV4YW1wbGUuY29tMSswKQYDVQQDEyJleGFtcGxl\nLmNvbSBpbnRlcm1lZGlhdGUgQ0EgKHN0YWcpMIGbMBAGByqGSM49AgEGBSuBBAAj\nA4GGAAQANFpxzBTXGB8iO422g9UnvlTKzQtx6SvfazSlqnvHfYiOi8QCNXlIuwlb\n0GqEdUEJEZv5+t/d2gnqVMDy+cFNdlQAjhhfBO9Z+2rp1Ud4PSOads/EQKJ58ALm\nRqlExmEIOX/ftwT3MHibhpKboWCrojBaG1AO0Pjrv/kSPPGyjYXrpH6jgbMwgbAw\nDgYDVR0PAQH/BAQDAgEGMA8GA1UdEwEB/wQFMAMBAf8wHQYDVR0OBBYEFE2BZdqL\nkxZiAjsXMXNiuyNgpfYgMB8GA1UdIwQYMBaAFH5iQbvmm7zW7+ZoEOrDBu4dOLQB\nME0GCCsGAQUFBwEBBEEwPzA9BggrBgEFBQcwAoYxaHR0cDovLzEyNy4wLjAuMTo4\nMjAwL3YxL3N0YWcvcGtpL3BraV9yb290L2NhL3BlbTAKBggqhkjOPQQDAgOBjAAw\ngYgCQgCVn6SkY9U0coRvZravnt9GrOTJ5IKgbfpiNp7tCYh3ylCRUIE4GmDQlut2\nJDs5XaRjuBuCpDlCTTVMhO2T808Q4AJCAcL0QNxEtGqNFsXYLLeuIZ/rs3kCafax\nN57hawKDdapnQS1Oz2+RUhfLTBLsgPjDufzPTzKF7sLYXOw/04L24j/Q\n-----END CERTIFICATE-----",
            "id": "stag/pki/pki_intermediate/intermediate/set-signed"
          },
          "sensitive_attributes": [],
          "private": "bnVsbA==",
          "dependencies": [
            "vault_mount.pki_intermediate",
            "vault_mount.pki_root",
            "vault_pki_secret_backend_intermediate_cert_request.intermediate",
            "vault_pki_secret_backend_root_sign_intermediate.intermediate"
          ]
        }
      ]
    },
    {
      "mode": "managed",
      "type": "vault_pki_secret_backend_role",
      "name": "client_certs",
      "provider": "provider[\"registry.terraform.io/hashicorp/vault\"]",
      "instances": [
        {
          "index_key": "dev",
          "schema_version": 0,
          "attributes": {
            "allow_any_name": true,
            "allow_bare_domains": false,
            "allow_glob_domains": false,
            "allow_ip_sans": true,
            "allow_localhost": true,
            "allow_subdomains": false,
            "allowed_domains": [],
            "allowed_domains_template": false,
            "allowed_other_sans": [],
            "allowed_uri_sans": [],
            "backend": "dev/pki/pki_intermediate",
            "basic_constraints_valid_for_non_ca": false,
            "client_flag": true,
            "code_signing_flag": false,
            "country": [],
            "email_protection_flag": false,
            "enforce_hostnames": true,
            "ext_key_usage": [],
            "generate_lease": false,
            "id": "dev/pki/pki_intermediate/roles/client",
            "key_bits": 224,
            "key_type": "ec",
            "key_usage": [
              "DigitalSignature",
              "KeyAgreement",
              "KeyEncipherment"
            ],
            "locality": [],
            "max_ttl": "36000",
            "name": "client",
            "no_store": false,
            "not_before_duration": "0s",
            "organization": [],
            "ou": [],
            "policy_identifiers": [],
            "postal_code": [],
            "province": [],
            "require_cn": true,
            "server_flag": false,
            "street_address": [],
            "ttl": "36000",
            "use_csr_common_name": true,
            "use_csr_sans": true
          },
          "sensitive_attributes": [],
          "private": "bnVsbA==",
          "dependencies": [
            "vault_mount.pki_intermediate"
          ]
        },
        {
          "index_key": "prod",
          "schema_version": 0,
          "attributes": {
            "allow_any_name": true,
            "allow_bare_domains": false,
            "allow_glob_domains": false,
            "allow_ip_sans": true,
            "allow_localhost": true,
            "allow_subdomains": false,
            "allowed_domains": [],
            "allowed_domains_template": false,
            "allowed_other_sans": [],
            "allowed_uri_sans": [],
            "backend": "prod/pki/pki_intermediate",
            "basic_constraints_valid_for_non_ca": false,
            "client_flag": true,
            "code_signing_flag": false,
            "country": [],
            "email_protection_flag": false,
            "enforce_hostnames": true,
            "ext_key_usage": [],
            "generate_lease": false,
            "id": "prod/pki/pki_intermediate/roles/client",
            "key_bits": 224,
            "key_type": "ec",
            "key_usage": [
              "DigitalSignature",
              "KeyAgreement",
              "KeyEncipherment"
            ],
            "locality": [],
            "max_ttl": "36000",
            "name": "client",
            "no_store": false,
            "not_before_duration": "0s",
            "organization": [],
            "ou": [],
            "policy_identifiers": [],
            "postal_code": [],
            "province": [],
            "require_cn": true,
            "server_flag": false,
            "street_address": [],
            "ttl": "36000",
            "use_csr_common_name": true,
            "use_csr_sans": true
          },
          "sensitive_attributes": [],
          "private": "bnVsbA==",
          "dependencies": [
            "vault_mount.pki_intermediate"
          ]
        },
        {
          "index_key": "stag",
          "schema_version": 0,
          "attributes": {
            "allow_any_name": true,
            "allow_bare_domains": false,
            "allow_glob_domains": false,
            "allow_ip_sans": true,
            "allow_localhost": true,
            "allow_subdomains": false,
            "allowed_domains": [],
            "allowed_domains_template": false,
            "allowed_other_sans": [],
            "allowed_uri_sans": [],
            "backend": "stag/pki/pki_intermediate",
            "basic_constraints_valid_for_non_ca": false,
            "client_flag": true,
            "code_signing_flag": false,
            "country": [],
            "email_protection_flag": false,
            "enforce_hostnames": true,
            "ext_key_usage": [],
            "generate_lease": false,
            "id": "stag/pki/pki_intermediate/roles/client",
            "key_bits": 224,
            "key_type": "ec",
            "key_usage": [
              "DigitalSignature",
              "KeyAgreement",
              "KeyEncipherment"
            ],
            "locality": [],
            "max_ttl": "36000",
            "name": "client",
            "no_store": false,
            "not_before_duration": "0s",
            "organization": [],
            "ou": [],
            "policy_identifiers": [],
            "postal_code": [],
            "province": [],
            "require_cn": true,
            "server_flag": false,
            "street_address": [],
            "ttl": "36000",
            "use_csr_common_name": true,
            "use_csr_sans": true
          },
          "sensitive_attributes": [],
          "private": "bnVsbA==",
          "dependencies": [
            "vault_mount.pki_intermediate"
          ]
        }
      ]
    },
    {
      "mode": "managed",
      "type": "vault_pki_secret_backend_role",
      "name": "server_certs",
      "provider": "provider[\"registry.terraform.io/hashicorp/vault\"]",
      "instances": [
        {
          "index_key": "dev",
          "schema_version": 0,
          "attributes": {
            "allow_any_name": true,
            "allow_bare_domains": false,
            "allow_glob_domains": true,
            "allow_ip_sans": true,
            "allow_localhost": true,
            "allow_subdomains": true,
            "allowed_domains": [
              "example.com"
            ],
            "allowed_domains_template": false,
            "allowed_other_sans": [],
            "allowed_uri_sans": [],
            "backend": "dev/pki/pki_intermediate",
            "basic_constraints_valid_for_non_ca": false,
            "client_flag": false,
            "code_signing_flag": false,
            "country": [],
            "email_protection_flag": false,
            "enforce_hostnames": true,
            "ext_key_usage": [],
            "generate_lease": false,
            "id": "dev/pki/pki_intermediate/roles/server",
            "key_bits": 224,
            "key_type": "ec",
            "key_usage": [
              "DigitalSignature",
              "KeyAgreement",
              "KeyEncipherment"
            ],
            "locality": [],
            "max_ttl": "2592000",
            "name": "server",
            "no_store": false,
            "not_before_duration": "0s",
            "organization": [],
            "ou": [],
            "policy_identifiers": [],
            "postal_code": [],
            "province": [],
            "require_cn": true,
            "server_flag": true,
            "street_address": [],
            "ttl": "2592000",
            "use_csr_common_name": true,
            "use_csr_sans": true
          },
          "sensitive_attributes": [],
          "private": "bnVsbA==",
          "dependencies": [
            "vault_mount.pki_intermediate"
          ]
        },
        {
          "index_key": "prod",
          "schema_version": 0,
          "attributes": {
            "allow_any_name": true,
            "allow_bare_domains": false,
            "allow_glob_domains": true,
            "allow_ip_sans": true,
            "allow_localhost": true,
            "allow_subdomains": true,
            "allowed_domains": [
              "example.com"
            ],
            "allowed_domains_template": false,
            "allowed_other_sans": [],
            "allowed_uri_sans": [],
            "backend": "prod/pki/pki_intermediate",
            "basic_constraints_valid_for_non_ca": false,
            "client_flag": false,
            "code_signing_flag": false,
            "country": [],
            "email_protection_flag": false,
            "enforce_hostnames": true,
            "ext_key_usage": [],
            "generate_lease": false,
            "id": "prod/pki/pki_intermediate/roles/server",
            "key_bits": 224,
            "key_type": "ec",
            "key_usage": [
              "DigitalSignature",
              "KeyAgreement",
              "KeyEncipherment"
            ],
            "locality": [],
            "max_ttl": "2592000",
            "name": "server",
            "no_store": false,
            "not_before_duration": "0s",
            "organization": [],
            "ou": [],
            "policy_identifiers": [],
            "postal_code": [],
            "province": [],
            "require_cn": true,
            "server_flag": true,
            "street_address": [],
            "ttl": "2592000",
            "use_csr_common_name": true,
            "use_csr_sans": true
          },
          "sensitive_attributes": [],
          "private": "bnVsbA==",
          "dependencies": [
            "vault_mount.pki_intermediate"
          ]
        },
        {
          "index_key": "stag",
          "schema_version": 0,
          "attributes": {
            "allow_any_name": true,
            "allow_bare_domains": false,
            "allow_glob_domains": true,
            "allow_ip_sans": true,
            "allow_localhost": true,
            "allow_subdomains": true,
            "allowed_domains": [
              "example.com"
            ],
            "allowed_domains_template": false,
            "allowed_other_sans": [],
            "allowed_uri_sans": [],
            "backend": "stag/pki/pki_intermediate",
            "basic_constraints_valid_for_non_ca": false,
            "client_flag": false,
            "code_signing_flag": false,
            "country": [],
            "email_protection_flag": false,
            "enforce_hostnames": true,
            "ext_key_usage": [],
            "generate_lease": false,
            "id": "stag/pki/pki_intermediate/roles/server",
            "key_bits": 224,
            "key_type": "ec",
            "key_usage": [
              "DigitalSignature",
              "KeyAgreement",
              "KeyEncipherment"
            ],
            "locality": [],
            "max_ttl": "2592000",
            "name": "server",
            "no_store": false,
            "not_before_duration": "0s",
            "organization": [],
            "ou": [],
            "policy_identifiers": [],
            "postal_code": [],
            "province": [],
            "require_cn": true,
            "server_flag": true,
            "street_address": [],
            "ttl": "2592000",
            "use_csr_common_name": true,
            "use_csr_sans": true
          },
          "sensitive_attributes": [],
          "private": "bnVsbA==",
          "dependencies": [
            "vault_mount.pki_intermediate"
          ]
        }
      ]
    },
    {
      "mode": "managed",
      "type": "vault_pki_secret_backend_role",
      "name": "service_certs",
      "provider": "provider[\"registry.terraform.io/hashicorp/vault\"]",
      "instances": [
        {
          "index_key": "dev",
          "schema_version": 0,
          "attributes": {
            "allow_any_name": true,
            "allow_bare_domains": false,
            "allow_glob_domains": false,
            "allow_ip_sans": true,
            "allow_localhost": true,
            "allow_subdomains": false,
            "allowed_domains": [],
            "allowed_domains_template": false,
            "allowed_other_sans": [],
            "allowed_uri_sans": [],
            "backend": "dev/pki/pki_intermediate",
            "basic_constraints_valid_for_non_ca": false,
            "client_flag": true,
            "code_signing_flag": false,
            "country": [],
            "email_protection_flag": false,
            "enforce_hostnames": true,
            "ext_key_usage": [],
            "generate_lease": false,
            "id": "dev/pki/pki_intermediate/roles/service",
            "key_bits": 224,
            "key_type": "ec",
            "key_usage": [
              "DigitalSignature",
              "KeyAgreement",
              "KeyEncipherment"
            ],
            "locality": [],
            "max_ttl": "360000",
            "name": "service",
            "no_store": false,
            "not_before_duration": "0s",
            "organization": [],
            "ou": [
              "service"
            ],
            "policy_identifiers": [],
            "postal_code": [],
            "province": [],
            "require_cn": true,
            "server_flag": false,
            "street_address": [],
            "ttl": "360000",
            "use_csr_common_name": true,
            "use_csr_sans": true
          },
          "sensitive_attributes": [],
          "private": "bnVsbA==",
          "dependencies": [
            "vault_mount.pki_intermediate"
          ]
        },
        {
          "index_key": "prod",
          "schema_version": 0,
          "attributes": {
            "allow_any_name": true,
            "allow_bare_domains": false,
            "allow_glob_domains": false,
            "allow_ip_sans": true,
            "allow_localhost": true,
            "allow_subdomains": false,
            "allowed_domains": [],
            "allowed_domains_template": false,
            "allowed_other_sans": [],
            "allowed_uri_sans": [],
            "backend": "prod/pki/pki_intermediate",
            "basic_constraints_valid_for_non_ca": false,
            "client_flag": true,
            "code_signing_flag": false,
            "country": [],
            "email_protection_flag": false,
            "enforce_hostnames": true,
            "ext_key_usage": [],
            "generate_lease": false,
            "id": "prod/pki/pki_intermediate/roles/service",
            "key_bits": 224,
            "key_type": "ec",
            "key_usage": [
              "DigitalSignature",
              "KeyAgreement",
              "KeyEncipherment"
            ],
            "locality": [],
            "max_ttl": "360000",
            "name": "service",
            "no_store": false,
            "not_before_duration": "0s",
            "organization": [],
            "ou": [
              "service"
            ],
            "policy_identifiers": [],
            "postal_code": [],
            "province": [],
            "require_cn": true,
            "server_flag": false,
            "street_address": [],
            "ttl": "360000",
            "use_csr_common_name": true,
            "use_csr_sans": true
          },
          "sensitive_attributes": [],
          "private": "bnVsbA==",
          "dependencies": [
            "vault_mount.pki_intermediate"
          ]
        },
        {
          "index_key": "stag",
          "schema_version": 0,
          "attributes": {
            "allow_any_name": true,
            "allow_bare_domains": false,
            "allow_glob_domains": false,
            "allow_ip_sans": true,
            "allow_localhost": true,
            "allow_subdomains": false,
            "allowed_domains": [],
            "allowed_domains_template": false,
            "allowed_other_sans": [],
            "allowed_uri_sans": [],
            "backend": "stag/pki/pki_intermediate",
            "basic_constraints_valid_for_non_ca": false,
            "client_flag": true,
            "code_signing_flag": false,
            "country": [],
            "email_protection_flag": false,
            "enforce_hostnames": true,
            "ext_key_usage": [],
            "generate_lease": false,
            "id": "stag/pki/pki_intermediate/roles/service",
            "key_bits": 224,
            "key_type": "ec",
            "key_usage": [
              "DigitalSignature",
              "KeyAgreement",
              "KeyEncipherment"
            ],
            "locality": [],
            "max_ttl": "360000",
            "name": "service",
            "no_store": false,
            "not_before_duration": "0s",
            "organization": [],
            "ou": [
              "service"
            ],
            "policy_identifiers": [],
            "postal_code": [],
            "province": [],
            "require_cn": true,
            "server_flag": false,
            "street_address": [],
            "ttl": "360000",
            "use_csr_common_name": true,
            "use_csr_sans": true
          },
          "sensitive_attributes": [],
          "private": "bnVsbA==",
          "dependencies": [
            "vault_mount.pki_intermediate"
          ]
        }
      ]
    },
    {
      "mode": "managed",
      "type": "vault_pki_secret_backend_root_cert",
      "name": "root_certificate",
      "provider": "provider[\"registry.terraform.io/hashicorp/vault\"]",
      "instances": [
        {
          "index_key": "dev",
          "schema_version": 0,
          "attributes": {
            "alt_names": null,
            "backend": "dev/pki/pki_root",
            "certificate": "-----BEGIN CERTIFICATE-----\nMIICuTCCAhqgAwIBAgIUbcDbamPa3XfbkTzMyc5aaNBgMx8wCgYIKoZIzj0EAwIw\nPjEYMBYGA1UEChMPZGV2LWV4YW1wbGUuY29tMSIwIAYDVQQDExlleGFtcGxlLmNv\nbSByb290IENBIChkZXYpMB4XDTIxMDcxMjEzNTkwNloXDTMxMDcxMDEzNTkzNlow\nPjEYMBYGA1UEChMPZGV2LWV4YW1wbGUuY29tMSIwIAYDVQQDExlleGFtcGxlLmNv\nbSByb290IENBIChkZXYpMIGbMBAGByqGSM49AgEGBSuBBAAjA4GGAAQAgQXuSIPL\nCGy+wzyUIyeggOnWi1IiWb90+/+aYTZQqCw2fUg51uAzSHTeFHBGjPYuOy7q/zna\ncHmQD80VBoiqx1ABsJyy1RJK1HPJYrRQPEB6mTy2KKE4d30zPGH7BR9hUWwDKXTS\nrM6DGBj5+rP+COBDmUnvNLGBy4DxaK17nRuSEcSjgbIwga8wDgYDVR0PAQH/BAQD\nAgEGMA8GA1UdEwEB/wQFMAMBAf8wHQYDVR0OBBYEFABs98+uWW3iStI9hBXkNAw/\nwr1PMB8GA1UdIwQYMBaAFABs98+uWW3iStI9hBXkNAw/wr1PMEwGCCsGAQUFBwEB\nBEAwPjA8BggrBgEFBQcwAoYwaHR0cDovLzEyNy4wLjAuMTo4MjAwL3YxL2Rldi9w\na2kvcGtpX3Jvb3QvY2EvcGVtMAoGCCqGSM49BAMCA4GMADCBiAJCARbYz31bZ+V6\ntLxkUVsU5GN1i0BYRk9aY9ce4GNm5a7Hn5d2+MDRnXRXKVcsIICQ5GszzM58Q0EN\nPyHlUDsDtpWqAkIBreK87MBWP1qIcpU/Frl5s+Ort3+ujXK/mbhR+vDO98xVqL7Y\n1oTJBLYn0hbGU7gyEajbTmnXYd13SE9fcycaDv4=\n-----END CERTIFICATE-----",
            "common_name": "example.com root CA (dev)",
            "country": null,
            "exclude_cn_from_sans": null,
            "format": "pem",
            "id": "dev/pki/pki_root/root/generate/internal",
            "ip_sans": null,
            "issuing_ca": "-----BEGIN CERTIFICATE-----\nMIICuTCCAhqgAwIBAgIUbcDbamPa3XfbkTzMyc5aaNBgMx8wCgYIKoZIzj0EAwIw\nPjEYMBYGA1UEChMPZGV2LWV4YW1wbGUuY29tMSIwIAYDVQQDExlleGFtcGxlLmNv\nbSByb290IENBIChkZXYpMB4XDTIxMDcxMjEzNTkwNloXDTMxMDcxMDEzNTkzNlow\nPjEYMBYGA1UEChMPZGV2LWV4YW1wbGUuY29tMSIwIAYDVQQDExlleGFtcGxlLmNv\nbSByb290IENBIChkZXYpMIGbMBAGByqGSM49AgEGBSuBBAAjA4GGAAQAgQXuSIPL\nCGy+wzyUIyeggOnWi1IiWb90+/+aYTZQqCw2fUg51uAzSHTeFHBGjPYuOy7q/zna\ncHmQD80VBoiqx1ABsJyy1RJK1HPJYrRQPEB6mTy2KKE4d30zPGH7BR9hUWwDKXTS\nrM6DGBj5+rP+COBDmUnvNLGBy4DxaK17nRuSEcSjgbIwga8wDgYDVR0PAQH/BAQD\nAgEGMA8GA1UdEwEB/wQFMAMBAf8wHQYDVR0OBBYEFABs98+uWW3iStI9hBXkNAw/\nwr1PMB8GA1UdIwQYMBaAFABs98+uWW3iStI9hBXkNAw/wr1PMEwGCCsGAQUFBwEB\nBEAwPjA8BggrBgEFBQcwAoYwaHR0cDovLzEyNy4wLjAuMTo4MjAwL3YxL2Rldi9w\na2kvcGtpX3Jvb3QvY2EvcGVtMAoGCCqGSM49BAMCA4GMADCBiAJCARbYz31bZ+V6\ntLxkUVsU5GN1i0BYRk9aY9ce4GNm5a7Hn5d2+MDRnXRXKVcsIICQ5GszzM58Q0EN\nPyHlUDsDtpWqAkIBreK87MBWP1qIcpU/Frl5s+Ort3+ujXK/mbhR+vDO98xVqL7Y\n1oTJBLYn0hbGU7gyEajbTmnXYd13SE9fcycaDv4=\n-----END CERTIFICATE-----",
            "key_bits": 521,
            "key_type": "ec",
            "locality": null,
            "max_path_length": -1,
            "organization": "dev-example.com",
            "other_sans": null,
            "ou": null,
            "permitted_dns_domains": null,
            "postal_code": null,
            "private_key_format": "der",
            "province": null,
            "serial": "6d:c0:db:6a:63:da:dd:77:db:91:3c:cc:c9:ce:5a:68:d0:60:33:1f",
            "street_address": null,
            "ttl": "315360000",
            "type": "internal",
            "uri_sans": null
          },
          "sensitive_attributes": [],
          "private": "bnVsbA==",
          "dependencies": [
            "vault_mount.pki_root"
          ]
        },
        {
          "index_key": "prod",
          "schema_version": 0,
          "attributes": {
            "alt_names": null,
            "backend": "prod/pki/pki_root",
            "certificate": "-----BEGIN CERTIFICATE-----\nMIICvjCCAh+gAwIBAgIUMf9TSgeh7HnDl9LqkP74+8Bg/tswCgYIKoZIzj0EAwIw\nQDEZMBcGA1UEChMQcHJvZC1leGFtcGxlLmNvbTEjMCEGA1UEAxMaZXhhbXBsZS5j\nb20gcm9vdCBDQSAocHJvZCkwHhcNMjEwNzEyMTM1OTA2WhcNMzEwNzEwMTM1OTM2\nWjBAMRkwFwYDVQQKExBwcm9kLWV4YW1wbGUuY29tMSMwIQYDVQQDExpleGFtcGxl\nLmNvbSByb290IENBIChwcm9kKTCBmzAQBgcqhkjOPQIBBgUrgQQAIwOBhgAEALWa\nowGH3SQ7FOW7dTuS5R62Gfn/l1Tl9pIaNlSsECo/qMJJFsDhejnezm1io8QQCrxB\n1Tj/Zg3KmyrxEFvCOlxFAGdxsfYfFDCv7S3IEqe6G/s5p0OuKKf4655eYyqbeYtn\nz3tUF32ua2jTg4Z3tv1CwxSgZMV6FgMnXR1MKtYzSLAto4GzMIGwMA4GA1UdDwEB\n/wQEAwIBBjAPBgNVHRMBAf8EBTADAQH/MB0GA1UdDgQWBBQYrePPM8GA7TgBEsGV\n7x3iAv5bHjAfBgNVHSMEGDAWgBQYrePPM8GA7TgBEsGV7x3iAv5bHjBNBggrBgEF\nBQcBAQRBMD8wPQYIKwYBBQUHMAKGMWh0dHA6Ly8xMjcuMC4wLjE6ODIwMC92MS9w\ncm9kL3BraS9wa2lfcm9vdC9jYS9wZW0wCgYIKoZIzj0EAwIDgYwAMIGIAkIB26rn\nZfUeELtx0lcPyI0rGPXTc+qc75DpCfYrlQiCBywIYBhqVZCPpDS3bGpUZ8uZ2pZw\nHYRYxh7IZ+OuxZoJ5/gCQgGOR55AXWvEstrEUF7CIvzUV0Ax+ai0SkihGhBqKqkT\noYxlmiZ/pK4YVcFJrSJ4iPJio0bNVrbiWF2l1xZi/r4gwg==\n-----END CERTIFICATE-----",
            "common_name": "example.com root CA (prod)",
            "country": null,
            "exclude_cn_from_sans": null,
            "format": "pem",
            "id": "prod/pki/pki_root/root/generate/internal",
            "ip_sans": null,
            "issuing_ca": "-----BEGIN CERTIFICATE-----\nMIICvjCCAh+gAwIBAgIUMf9TSgeh7HnDl9LqkP74+8Bg/tswCgYIKoZIzj0EAwIw\nQDEZMBcGA1UEChMQcHJvZC1leGFtcGxlLmNvbTEjMCEGA1UEAxMaZXhhbXBsZS5j\nb20gcm9vdCBDQSAocHJvZCkwHhcNMjEwNzEyMTM1OTA2WhcNMzEwNzEwMTM1OTM2\nWjBAMRkwFwYDVQQKExBwcm9kLWV4YW1wbGUuY29tMSMwIQYDVQQDExpleGFtcGxl\nLmNvbSByb290IENBIChwcm9kKTCBmzAQBgcqhkjOPQIBBgUrgQQAIwOBhgAEALWa\nowGH3SQ7FOW7dTuS5R62Gfn/l1Tl9pIaNlSsECo/qMJJFsDhejnezm1io8QQCrxB\n1Tj/Zg3KmyrxEFvCOlxFAGdxsfYfFDCv7S3IEqe6G/s5p0OuKKf4655eYyqbeYtn\nz3tUF32ua2jTg4Z3tv1CwxSgZMV6FgMnXR1MKtYzSLAto4GzMIGwMA4GA1UdDwEB\n/wQEAwIBBjAPBgNVHRMBAf8EBTADAQH/MB0GA1UdDgQWBBQYrePPM8GA7TgBEsGV\n7x3iAv5bHjAfBgNVHSMEGDAWgBQYrePPM8GA7TgBEsGV7x3iAv5bHjBNBggrBgEF\nBQcBAQRBMD8wPQYIKwYBBQUHMAKGMWh0dHA6Ly8xMjcuMC4wLjE6ODIwMC92MS9w\ncm9kL3BraS9wa2lfcm9vdC9jYS9wZW0wCgYIKoZIzj0EAwIDgYwAMIGIAkIB26rn\nZfUeELtx0lcPyI0rGPXTc+qc75DpCfYrlQiCBywIYBhqVZCPpDS3bGpUZ8uZ2pZw\nHYRYxh7IZ+OuxZoJ5/gCQgGOR55AXWvEstrEUF7CIvzUV0Ax+ai0SkihGhBqKqkT\noYxlmiZ/pK4YVcFJrSJ4iPJio0bNVrbiWF2l1xZi/r4gwg==\n-----END CERTIFICATE-----",
            "key_bits": 521,
            "key_type": "ec",
            "locality": null,
            "max_path_length": -1,
            "organization": "prod-example.com",
            "other_sans": null,
            "ou": null,
            "permitted_dns_domains": null,
            "postal_code": null,
            "private_key_format": "der",
            "province": null,
            "serial": "31:ff:53:4a:07:a1:ec:79:c3:97:d2:ea:90:fe:f8:fb:c0:60:fe:db",
            "street_address": null,
            "ttl": "315360000",
            "type": "internal",
            "uri_sans": null
          },
          "sensitive_attributes": [],
          "private": "bnVsbA==",
          "dependencies": [
            "vault_mount.pki_root"
          ]
        },
        {
          "index_key": "stag",
          "schema_version": 0,
          "attributes": {
            "alt_names": null,
            "backend": "stag/pki/pki_root",
            "certificate": "-----BEGIN CERTIFICATE-----\nMIICvTCCAh+gAwIBAgIUOb2BSwujMQ+DM5f4Y1V2h/PIXpswCgYIKoZIzj0EAwIw\nQDEZMBcGA1UEChMQc3RhZy1leGFtcGxlLmNvbTEjMCEGA1UEAxMaZXhhbXBsZS5j\nb20gcm9vdCBDQSAoc3RhZykwHhcNMjEwNzEyMTM1OTA2WhcNMzEwNzEwMTM1OTM2\nWjBAMRkwFwYDVQQKExBzdGFnLWV4YW1wbGUuY29tMSMwIQYDVQQDExpleGFtcGxl\nLmNvbSByb290IENBIChzdGFnKTCBmzAQBgcqhkjOPQIBBgUrgQQAIwOBhgAEAJbz\nrCrk3WnLcMzgEoLiUYKvVVg1hrGO8+3RMkbKTnlUfgQKhYOKIsPSNR4aAKiYeG1h\nCecZzI0MVXm9GZZ6Mj5bAOZBMmLY2yBs2HgC+eKUHh+UYLnFjpqs237XNwjIR9mN\nmOewWC8TZW0tDo9Rz7R/UfBQ/mxXdY9by0rvQqOhO3MOo4GzMIGwMA4GA1UdDwEB\n/wQEAwIBBjAPBgNVHRMBAf8EBTADAQH/MB0GA1UdDgQWBBR+YkG75pu81u/maBDq\nwwbuHTi0ATAfBgNVHSMEGDAWgBR+YkG75pu81u/maBDqwwbuHTi0ATBNBggrBgEF\nBQcBAQRBMD8wPQYIKwYBBQUHMAKGMWh0dHA6Ly8xMjcuMC4wLjE6ODIwMC92MS9z\ndGFnL3BraS9wa2lfcm9vdC9jYS9wZW0wCgYIKoZIzj0EAwIDgYsAMIGHAkIBd468\nrgbmo10709lEUb+8DND5U+EJX7Ghe/ZCvDyKWCwEDyNvBKxvKGAO4cqft4mQ6y8P\nAaSWZONsM8V3oL5LmvgCQX/CY7PYSvr6i47GihiBZD/KvTa/uuuLbVJPYXYhLtzF\n2eJZuE7nBOepuTi8SEf1tEGsP7orslgnOjStkNxjxgNH\n-----END CERTIFICATE-----",
            "common_name": "example.com root CA (stag)",
            "country": null,
            "exclude_cn_from_sans": null,
            "format": "pem",
            "id": "stag/pki/pki_root/root/generate/internal",
            "ip_sans": null,
            "issuing_ca": "-----BEGIN CERTIFICATE-----\nMIICvTCCAh+gAwIBAgIUOb2BSwujMQ+DM5f4Y1V2h/PIXpswCgYIKoZIzj0EAwIw\nQDEZMBcGA1UEChMQc3RhZy1leGFtcGxlLmNvbTEjMCEGA1UEAxMaZXhhbXBsZS5j\nb20gcm9vdCBDQSAoc3RhZykwHhcNMjEwNzEyMTM1OTA2WhcNMzEwNzEwMTM1OTM2\nWjBAMRkwFwYDVQQKExBzdGFnLWV4YW1wbGUuY29tMSMwIQYDVQQDExpleGFtcGxl\nLmNvbSByb290IENBIChzdGFnKTCBmzAQBgcqhkjOPQIBBgUrgQQAIwOBhgAEAJbz\nrCrk3WnLcMzgEoLiUYKvVVg1hrGO8+3RMkbKTnlUfgQKhYOKIsPSNR4aAKiYeG1h\nCecZzI0MVXm9GZZ6Mj5bAOZBMmLY2yBs2HgC+eKUHh+UYLnFjpqs237XNwjIR9mN\nmOewWC8TZW0tDo9Rz7R/UfBQ/mxXdY9by0rvQqOhO3MOo4GzMIGwMA4GA1UdDwEB\n/wQEAwIBBjAPBgNVHRMBAf8EBTADAQH/MB0GA1UdDgQWBBR+YkG75pu81u/maBDq\nwwbuHTi0ATAfBgNVHSMEGDAWgBR+YkG75pu81u/maBDqwwbuHTi0ATBNBggrBgEF\nBQcBAQRBMD8wPQYIKwYBBQUHMAKGMWh0dHA6Ly8xMjcuMC4wLjE6ODIwMC92MS9z\ndGFnL3BraS9wa2lfcm9vdC9jYS9wZW0wCgYIKoZIzj0EAwIDgYsAMIGHAkIBd468\nrgbmo10709lEUb+8DND5U+EJX7Ghe/ZCvDyKWCwEDyNvBKxvKGAO4cqft4mQ6y8P\nAaSWZONsM8V3oL5LmvgCQX/CY7PYSvr6i47GihiBZD/KvTa/uuuLbVJPYXYhLtzF\n2eJZuE7nBOepuTi8SEf1tEGsP7orslgnOjStkNxjxgNH\n-----END CERTIFICATE-----",
            "key_bits": 521,
            "key_type": "ec",
            "locality": null,
            "max_path_length": -1,
            "organization": "stag-example.com",
            "other_sans": null,
            "ou": null,
            "permitted_dns_domains": null,
            "postal_code": null,
            "private_key_format": "der",
            "province": null,
            "serial": "39:bd:81:4b:0b:a3:31:0f:83:33:97:f8:63:55:76:87:f3:c8:5e:9b",
            "street_address": null,
            "ttl": "315360000",
            "type": "internal",
            "uri_sans": null
          },
          "sensitive_attributes": [],
          "private": "bnVsbA==",
          "dependencies": [
            "vault_mount.pki_root"
          ]
        }
      ]
    },
    {
      "mode": "managed",
      "type": "vault_pki_secret_backend_root_sign_intermediate",
      "name": "intermediate",
      "provider": "provider[\"registry.terraform.io/hashicorp/vault\"]",
      "instances": [
        {
          "index_key": "dev",
          "schema_version": 0,
          "attributes": {
            "alt_names": null,
            "backend": "dev/pki/pki_root",
            "ca_chain": "",
            "certificate": "-----BEGIN CERTIFICATE-----\nMIICwTCCAiKgAwIBAgIUez86ZeC3qDaqQx0KNvgrnuAmFPcwCgYIKoZIzj0EAwIw\nPjEYMBYGA1UEChMPZGV2LWV4YW1wbGUuY29tMSIwIAYDVQQDExlleGFtcGxlLmNv\nbSByb290IENBIChkZXYpMB4XDTIxMDcxMjEzNTkwN1oXDTMxMDcxMDEzNTkzN1ow\nRjEYMBYGA1UEChMPZGV2LWV4YW1wbGUuY29tMSowKAYDVQQDEyFleGFtcGxlLmNv\nbSBpbnRlcm1lZGlhdGUgQ0EgKGRldikwgZswEAYHKoZIzj0CAQYFK4EEACMDgYYA\nBAFyfAKuE3T5tMuzrC4uZT0wMBDQs4t5NneuYN26gXDWfbB4BGh03gXBsQmsMBvE\nH2zRrgOztPvA/V05WHZtws6XbAGVX1la4wIFPlA3IuXwptQBvAbguqo600ItVsvc\n5011fEJFlLgyKt2fb5R2YtUCujDFkWRkgtxSFcYdzdCKx4XPnqOBsjCBrzAOBgNV\nHQ8BAf8EBAMCAQYwDwYDVR0TAQH/BAUwAwEB/zAdBgNVHQ4EFgQUuXCyw2K4nvfq\n6C99GoSNv0LhhekwHwYDVR0jBBgwFoAUAGz3z65ZbeJK0j2EFeQ0DD/CvU8wTAYI\nKwYBBQUHAQEEQDA+MDwGCCsGAQUFBzAChjBodHRwOi8vMTI3LjAuMC4xOjgyMDAv\ndjEvZGV2L3BraS9wa2lfcm9vdC9jYS9wZW0wCgYIKoZIzj0EAwIDgYwAMIGIAkIB\npc3bl76OlG0XjIS/LW3YqU+AZss+aj5tcn2qnCYLYPDZ4WjICOy9Ea7SN3m9rEhN\nqrvh1S11wMEKRmChMAO6xpUCQgCMyBSC2gOVgo7q8tCLlYR0kOo4VRrjsfg5o7BX\npaSKVxH8GFL2in95LVj+81QgRdYNDjn1W6vJDoml7XAAO86dFg==\n-----END CERTIFICATE-----",
            "common_name": "example.com intermediate CA (dev)",
            "country": null,
            "csr": "-----BEGIN CERTIFICATE REQUEST-----\nMIIBiTCB6wIBADBGMRgwFgYDVQQKEw9kZXYtZXhhbXBsZS5jb20xKjAoBgNVBAMT\nIWV4YW1wbGUuY29tIGludGVybWVkaWF0ZSBDQSAoZGV2KTCBmzAQBgcqhkjOPQIB\nBgUrgQQAIwOBhgAEAXJ8Aq4TdPm0y7OsLi5lPTAwENCzi3k2d65g3bqBcNZ9sHgE\naHTeBcGxCawwG8QfbNGuA7O0+8D9XTlYdm3CzpdsAZVfWVrjAgU+UDci5fCm1AG8\nBuC6qjrTQi1Wy9znTXV8QkWUuDIq3Z9vlHZi1QK6MMWRZGSC3FIVxh3N0IrHhc+e\noAAwCgYIKoZIzj0EAwIDgYwAMIGIAkIAieeI9scB855kN7kiLzT2K3h+P15el0fX\nIi7lDUWteqNu7tuEnrbIJ2vDzc7tthi6VsVCh7hjmrA4Jh4ubzi35bkCQgFk9IMH\nl/tHfwW0P8M6HnJdvy+Fo2J8lePa/24m8Y9ECpo3trSVRaz/vFjHTysf9iEBiock\nDhpign6mA9ZW3lIqZg==\n-----END CERTIFICATE REQUEST-----",
            "exclude_cn_from_sans": true,
            "format": "pem",
            "id": "dev/pki/pki_root/example.com intermediate CA (dev)",
            "ip_sans": null,
            "issuing_ca": "-----BEGIN CERTIFICATE-----\nMIICuTCCAhqgAwIBAgIUbcDbamPa3XfbkTzMyc5aaNBgMx8wCgYIKoZIzj0EAwIw\nPjEYMBYGA1UEChMPZGV2LWV4YW1wbGUuY29tMSIwIAYDVQQDExlleGFtcGxlLmNv\nbSByb290IENBIChkZXYpMB4XDTIxMDcxMjEzNTkwNloXDTMxMDcxMDEzNTkzNlow\nPjEYMBYGA1UEChMPZGV2LWV4YW1wbGUuY29tMSIwIAYDVQQDExlleGFtcGxlLmNv\nbSByb290IENBIChkZXYpMIGbMBAGByqGSM49AgEGBSuBBAAjA4GGAAQAgQXuSIPL\nCGy+wzyUIyeggOnWi1IiWb90+/+aYTZQqCw2fUg51uAzSHTeFHBGjPYuOy7q/zna\ncHmQD80VBoiqx1ABsJyy1RJK1HPJYrRQPEB6mTy2KKE4d30zPGH7BR9hUWwDKXTS\nrM6DGBj5+rP+COBDmUnvNLGBy4DxaK17nRuSEcSjgbIwga8wDgYDVR0PAQH/BAQD\nAgEGMA8GA1UdEwEB/wQFMAMBAf8wHQYDVR0OBBYEFABs98+uWW3iStI9hBXkNAw/\nwr1PMB8GA1UdIwQYMBaAFABs98+uWW3iStI9hBXkNAw/wr1PMEwGCCsGAQUFBwEB\nBEAwPjA8BggrBgEFBQcwAoYwaHR0cDovLzEyNy4wLjAuMTo4MjAwL3YxL2Rldi9w\na2kvcGtpX3Jvb3QvY2EvcGVtMAoGCCqGSM49BAMCA4GMADCBiAJCARbYz31bZ+V6\ntLxkUVsU5GN1i0BYRk9aY9ce4GNm5a7Hn5d2+MDRnXRXKVcsIICQ5GszzM58Q0EN\nPyHlUDsDtpWqAkIBreK87MBWP1qIcpU/Frl5s+Ort3+ujXK/mbhR+vDO98xVqL7Y\n1oTJBLYn0hbGU7gyEajbTmnXYd13SE9fcycaDv4=\n-----END CERTIFICATE-----",
            "locality": null,
            "max_path_length": -1,
            "organization": "dev-example.com",
            "other_sans": null,
            "ou": null,
            "permitted_dns_domains": null,
            "postal_code": null,
            "province": null,
            "serial": "7b:3f:3a:65:e0:b7:a8:36:aa:43:1d:0a:36:f8:2b:9e:e0:26:14:f7",
            "street_address": null,
            "ttl": "315360000",
            "uri_sans": null,
            "use_csr_values": false
          },
          "sensitive_attributes": [],
          "private": "bnVsbA==",
          "dependencies": [
            "vault_mount.pki_intermediate",
            "vault_mount.pki_root",
            "vault_pki_secret_backend_intermediate_cert_request.intermediate"
          ]
        },
        {
          "index_key": "prod",
          "schema_version": 0,
          "attributes": {
            "alt_names": null,
            "backend": "prod/pki/pki_root",
            "ca_chain": "",
            "certificate": "-----BEGIN CERTIFICATE-----\nMIICxjCCAiegAwIBAgIUYBlmecv7GTlmVN8GxpeXFVj05h4wCgYIKoZIzj0EAwIw\nQDEZMBcGA1UEChMQcHJvZC1leGFtcGxlLmNvbTEjMCEGA1UEAxMaZXhhbXBsZS5j\nb20gcm9vdCBDQSAocHJvZCkwHhcNMjEwNzEyMTM1OTA3WhcNMzEwNzEwMTM1OTM3\nWjBIMRkwFwYDVQQKExBwcm9kLWV4YW1wbGUuY29tMSswKQYDVQQDEyJleGFtcGxl\nLmNvbSBpbnRlcm1lZGlhdGUgQ0EgKHByb2QpMIGbMBAGByqGSM49AgEGBSuBBAAj\nA4GGAAQBGtxzKNd7JwgUfA9x2qCXrbR1HeutVr15mDcCnOI+gKjJX1/OkApvpQKb\n5Iq8S7Z2b8i52vFStcJNUJf91e+fhTIAB+eKJvtgJHiIyVRDPhiJIVDiU8QyqJ3g\nO3bVQ+LpdO5ogYqHxt3+KRIWrIrE9xk16ivT1JdilNlE0O8nudopn32jgbMwgbAw\nDgYDVR0PAQH/BAQDAgEGMA8GA1UdEwEB/wQFMAMBAf8wHQYDVR0OBBYEFHkzVslM\n7FH8RK4bNS6EL2iC6Ae8MB8GA1UdIwQYMBaAFBit488zwYDtOAESwZXvHeIC/lse\nME0GCCsGAQUFBwEBBEEwPzA9BggrBgEFBQcwAoYxaHR0cDovLzEyNy4wLjAuMTo4\nMjAwL3YxL3Byb2QvcGtpL3BraV9yb290L2NhL3BlbTAKBggqhkjOPQQDAgOBjAAw\ngYgCQgCxF1JMcNBCf1TxWZ6MLQPwUITDzoHzhjN8ypjLzXT4TCDXObxVOsfBcqhI\nR90jhJv32gQWgr619dAIEjz8T4mAsgJCAKGNcUN9uZ2tUBG9k9WBd2o1meLdvYaI\nKcBAXKku8HBW12TCblB480CHmmGI92F1bdUV22tx9wr/Bda95vQPBVBI\n-----END CERTIFICATE-----",
            "common_name": "example.com intermediate CA (prod)",
            "country": null,
            "csr": "-----BEGIN CERTIFICATE REQUEST-----\nMIIBijCB7QIBADBIMRkwFwYDVQQKExBwcm9kLWV4YW1wbGUuY29tMSswKQYDVQQD\nEyJleGFtcGxlLmNvbSBpbnRlcm1lZGlhdGUgQ0EgKHByb2QpMIGbMBAGByqGSM49\nAgEGBSuBBAAjA4GGAAQBGtxzKNd7JwgUfA9x2qCXrbR1HeutVr15mDcCnOI+gKjJ\nX1/OkApvpQKb5Iq8S7Z2b8i52vFStcJNUJf91e+fhTIAB+eKJvtgJHiIyVRDPhiJ\nIVDiU8QyqJ3gO3bVQ+LpdO5ogYqHxt3+KRIWrIrE9xk16ivT1JdilNlE0O8nudop\nn32gADAKBggqhkjOPQQDAgOBiwAwgYcCQgGpijJwG13woXfNbnEFo05uVl+RRfsy\nwawyK/HY0MR3dS/HV6LqC3u4i7rB+uJrV4ElgnneKCbBCXsUJ3tSJh/3PwJBdSx/\nXJbfLihb8DYZDAnhoahrgpUZDPhl6Fj+PMMIL0Xla3w2CB/0kbGaEMM0pL4zhVJb\ndVenATUpOc1D3E2nVBQ=\n-----END CERTIFICATE REQUEST-----",
            "exclude_cn_from_sans": true,
            "format": "pem",
            "id": "prod/pki/pki_root/example.com intermediate CA (prod)",
            "ip_sans": null,
            "issuing_ca": "-----BEGIN CERTIFICATE-----\nMIICvjCCAh+gAwIBAgIUMf9TSgeh7HnDl9LqkP74+8Bg/tswCgYIKoZIzj0EAwIw\nQDEZMBcGA1UEChMQcHJvZC1leGFtcGxlLmNvbTEjMCEGA1UEAxMaZXhhbXBsZS5j\nb20gcm9vdCBDQSAocHJvZCkwHhcNMjEwNzEyMTM1OTA2WhcNMzEwNzEwMTM1OTM2\nWjBAMRkwFwYDVQQKExBwcm9kLWV4YW1wbGUuY29tMSMwIQYDVQQDExpleGFtcGxl\nLmNvbSByb290IENBIChwcm9kKTCBmzAQBgcqhkjOPQIBBgUrgQQAIwOBhgAEALWa\nowGH3SQ7FOW7dTuS5R62Gfn/l1Tl9pIaNlSsECo/qMJJFsDhejnezm1io8QQCrxB\n1Tj/Zg3KmyrxEFvCOlxFAGdxsfYfFDCv7S3IEqe6G/s5p0OuKKf4655eYyqbeYtn\nz3tUF32ua2jTg4Z3tv1CwxSgZMV6FgMnXR1MKtYzSLAto4GzMIGwMA4GA1UdDwEB\n/wQEAwIBBjAPBgNVHRMBAf8EBTADAQH/MB0GA1UdDgQWBBQYrePPM8GA7TgBEsGV\n7x3iAv5bHjAfBgNVHSMEGDAWgBQYrePPM8GA7TgBEsGV7x3iAv5bHjBNBggrBgEF\nBQcBAQRBMD8wPQYIKwYBBQUHMAKGMWh0dHA6Ly8xMjcuMC4wLjE6ODIwMC92MS9w\ncm9kL3BraS9wa2lfcm9vdC9jYS9wZW0wCgYIKoZIzj0EAwIDgYwAMIGIAkIB26rn\nZfUeELtx0lcPyI0rGPXTc+qc75DpCfYrlQiCBywIYBhqVZCPpDS3bGpUZ8uZ2pZw\nHYRYxh7IZ+OuxZoJ5/gCQgGOR55AXWvEstrEUF7CIvzUV0Ax+ai0SkihGhBqKqkT\noYxlmiZ/pK4YVcFJrSJ4iPJio0bNVrbiWF2l1xZi/r4gwg==\n-----END CERTIFICATE-----",
            "locality": null,
            "max_path_length": -1,
            "organization": "prod-example.com",
            "other_sans": null,
            "ou": null,
            "permitted_dns_domains": null,
            "postal_code": null,
            "province": null,
            "serial": "60:19:66:79:cb:fb:19:39:66:54:df:06:c6:97:97:15:58:f4:e6:1e",
            "street_address": null,
            "ttl": "315360000",
            "uri_sans": null,
            "use_csr_values": false
          },
          "sensitive_attributes": [],
          "private": "bnVsbA==",
          "dependencies": [
            "vault_mount.pki_intermediate",
            "vault_mount.pki_root",
            "vault_pki_secret_backend_intermediate_cert_request.intermediate"
          ]
        },
        {
          "index_key": "stag",
          "schema_version": 0,
          "attributes": {
            "alt_names": null,
            "backend": "stag/pki/pki_root",
            "ca_chain": "",
            "certificate": "-----BEGIN CERTIFICATE-----\nMIICxjCCAiegAwIBAgIUYIM7cEY2M5XuyfqKQdjSGHvvzEYwCgYIKoZIzj0EAwIw\nQDEZMBcGA1UEChMQc3RhZy1leGFtcGxlLmNvbTEjMCEGA1UEAxMaZXhhbXBsZS5j\nb20gcm9vdCBDQSAoc3RhZykwHhcNMjEwNzEyMTM1OTA3WhcNMzEwNzEwMTM1OTM3\nWjBIMRkwFwYDVQQKExBzdGFnLWV4YW1wbGUuY29tMSswKQYDVQQDEyJleGFtcGxl\nLmNvbSBpbnRlcm1lZGlhdGUgQ0EgKHN0YWcpMIGbMBAGByqGSM49AgEGBSuBBAAj\nA4GGAAQANFpxzBTXGB8iO422g9UnvlTKzQtx6SvfazSlqnvHfYiOi8QCNXlIuwlb\n0GqEdUEJEZv5+t/d2gnqVMDy+cFNdlQAjhhfBO9Z+2rp1Ud4PSOads/EQKJ58ALm\nRqlExmEIOX/ftwT3MHibhpKboWCrojBaG1AO0Pjrv/kSPPGyjYXrpH6jgbMwgbAw\nDgYDVR0PAQH/BAQDAgEGMA8GA1UdEwEB/wQFMAMBAf8wHQYDVR0OBBYEFE2BZdqL\nkxZiAjsXMXNiuyNgpfYgMB8GA1UdIwQYMBaAFH5iQbvmm7zW7+ZoEOrDBu4dOLQB\nME0GCCsGAQUFBwEBBEEwPzA9BggrBgEFBQcwAoYxaHR0cDovLzEyNy4wLjAuMTo4\nMjAwL3YxL3N0YWcvcGtpL3BraV9yb290L2NhL3BlbTAKBggqhkjOPQQDAgOBjAAw\ngYgCQgCVn6SkY9U0coRvZravnt9GrOTJ5IKgbfpiNp7tCYh3ylCRUIE4GmDQlut2\nJDs5XaRjuBuCpDlCTTVMhO2T808Q4AJCAcL0QNxEtGqNFsXYLLeuIZ/rs3kCafax\nN57hawKDdapnQS1Oz2+RUhfLTBLsgPjDufzPTzKF7sLYXOw/04L24j/Q\n-----END CERTIFICATE-----",
            "common_name": "example.com intermediate CA (stag)",
            "country": null,
            "csr": "-----BEGIN CERTIFICATE REQUEST-----\nMIIBizCB7QIBADBIMRkwFwYDVQQKExBzdGFnLWV4YW1wbGUuY29tMSswKQYDVQQD\nEyJleGFtcGxlLmNvbSBpbnRlcm1lZGlhdGUgQ0EgKHN0YWcpMIGbMBAGByqGSM49\nAgEGBSuBBAAjA4GGAAQANFpxzBTXGB8iO422g9UnvlTKzQtx6SvfazSlqnvHfYiO\ni8QCNXlIuwlb0GqEdUEJEZv5+t/d2gnqVMDy+cFNdlQAjhhfBO9Z+2rp1Ud4PSOa\nds/EQKJ58ALmRqlExmEIOX/ftwT3MHibhpKboWCrojBaG1AO0Pjrv/kSPPGyjYXr\npH6gADAKBggqhkjOPQQDAgOBjAAwgYgCQgFtTTVphkQUWvVmTU6NCpz98iUhYrfD\nhSlUDxUdKeQrrQLxLE/Eap9PtD4ZBDlBW4KMklSBnjutAis0X5356rk7rgJCAU/V\nEH73yGba97AgsmrHpQR7wXGvr/wmjt8Tz2HGLqqoFIBfCLEdOSvkloqsu+2v76xe\nZso6NnLv9jxG+zpCKht1\n-----END CERTIFICATE REQUEST-----",
            "exclude_cn_from_sans": true,
            "format": "pem",
            "id": "stag/pki/pki_root/example.com intermediate CA (stag)",
            "ip_sans": null,
            "issuing_ca": "-----BEGIN CERTIFICATE-----\nMIICvTCCAh+gAwIBAgIUOb2BSwujMQ+DM5f4Y1V2h/PIXpswCgYIKoZIzj0EAwIw\nQDEZMBcGA1UEChMQc3RhZy1leGFtcGxlLmNvbTEjMCEGA1UEAxMaZXhhbXBsZS5j\nb20gcm9vdCBDQSAoc3RhZykwHhcNMjEwNzEyMTM1OTA2WhcNMzEwNzEwMTM1OTM2\nWjBAMRkwFwYDVQQKExBzdGFnLWV4YW1wbGUuY29tMSMwIQYDVQQDExpleGFtcGxl\nLmNvbSByb290IENBIChzdGFnKTCBmzAQBgcqhkjOPQIBBgUrgQQAIwOBhgAEAJbz\nrCrk3WnLcMzgEoLiUYKvVVg1hrGO8+3RMkbKTnlUfgQKhYOKIsPSNR4aAKiYeG1h\nCecZzI0MVXm9GZZ6Mj5bAOZBMmLY2yBs2HgC+eKUHh+UYLnFjpqs237XNwjIR9mN\nmOewWC8TZW0tDo9Rz7R/UfBQ/mxXdY9by0rvQqOhO3MOo4GzMIGwMA4GA1UdDwEB\n/wQEAwIBBjAPBgNVHRMBAf8EBTADAQH/MB0GA1UdDgQWBBR+YkG75pu81u/maBDq\nwwbuHTi0ATAfBgNVHSMEGDAWgBR+YkG75pu81u/maBDqwwbuHTi0ATBNBggrBgEF\nBQcBAQRBMD8wPQYIKwYBBQUHMAKGMWh0dHA6Ly8xMjcuMC4wLjE6ODIwMC92MS9z\ndGFnL3BraS9wa2lfcm9vdC9jYS9wZW0wCgYIKoZIzj0EAwIDgYsAMIGHAkIBd468\nrgbmo10709lEUb+8DND5U+EJX7Ghe/ZCvDyKWCwEDyNvBKxvKGAO4cqft4mQ6y8P\nAaSWZONsM8V3oL5LmvgCQX/CY7PYSvr6i47GihiBZD/KvTa/uuuLbVJPYXYhLtzF\n2eJZuE7nBOepuTi8SEf1tEGsP7orslgnOjStkNxjxgNH\n-----END CERTIFICATE-----",
            "locality": null,
            "max_path_length": -1,
            "organization": "stag-example.com",
            "other_sans": null,
            "ou": null,
            "permitted_dns_domains": null,
            "postal_code": null,
            "province": null,
            "serial": "60:83:3b:70:46:36:33:95:ee:c9:fa:8a:41:d8:d2:18:7b:ef:cc:46",
            "street_address": null,
            "ttl": "315360000",
            "uri_sans": null,
            "use_csr_values": false
          },
          "sensitive_attributes": [],
          "private": "bnVsbA==",
          "dependencies": [
            "vault_mount.pki_intermediate",
            "vault_mount.pki_root",
            "vault_pki_secret_backend_intermediate_cert_request.intermediate"
          ]
        }
      ]
    },
    {
      "mode": "managed",
      "type": "vault_policy",
      "name": "admin",
      "provider": "provider[\"registry.terraform.io/hashicorp/vault\"]",
      "instances": [
        {
          "index_key": "dev",
          "schema_version": 0,
          "attributes": {
            "id": "dev-admin",
            "name": "dev-admin",
            "policy": "path \"dev/*\" {\n  capabilities = [\"create\", \"read\", \"update\", \"delete\", \"list\"]\n}\n"
          },
          "sensitive_attributes": [],
          "private": "bnVsbA=="
        },
        {
          "index_key": "prod",
          "schema_version": 0,
          "attributes": {
            "id": "prod-admin",
            "name": "prod-admin",
            "policy": "path \"prod/*\" {\n  capabilities = [\"create\", \"read\", \"update\", \"delete\", \"list\"]\n}\n"
          },
          "sensitive_attributes": [],
          "private": "bnVsbA=="
        },
        {
          "index_key": "stag",
          "schema_version": 0,
          "attributes": {
            "id": "stag-admin",
            "name": "stag-admin",
            "policy": "path \"stag/*\" {\n  capabilities = [\"create\", \"read\", \"update\", \"delete\", \"list\"]\n}\n"
          },
          "sensitive_attributes": [],
          "private": "bnVsbA=="
        }
      ]
    },
    {
      "mode": "managed",
      "type": "vault_policy",
      "name": "certs",
      "provider": "provider[\"registry.terraform.io/hashicorp/vault\"]",
      "instances": [
        {
          "schema_version": 0,
          "attributes": {
            "id": "certs",
            "name": "certs",
            "policy": "path \"prod/kv/data/certificates/*\" {\n  capabilities = [\"create\", \"read\", \"update\", \"list\"]\n}\n\npath \"dev/kv/data/certificates/*\" {\n  capabilities = [\"create\", \"read\", \"update\", \"list\"]\n}\n\npath \"stag/kv/data/certificates/*\" {\n  capabilities = [\"create\", \"read\", \"update\", \"list\"]\n}\n"
          },
          "sensitive_attributes": [],
          "private": "bnVsbA=="
        }
      ]
    },
    {
      "mode": "managed",
      "type": "vault_policy",
      "name": "ci_creds",
      "provider": "provider[\"registry.terraform.io/hashicorp/vault\"]",
      "instances": [
        {
          "schema_version": 0,
          "attributes": {
            "id": "ci",
            "name": "ci",
            "policy": "path \"ci/kv/data/ci/*\" {\n  capabilities = [\"read\", \"list\"]\n}\npath \"ci/kv/data/certificates/*\" {\n  capabilities = [\"create\", \"update\", \"list\"]\n}\npath \"prod/ssh/sign/ci\" {\n  capabilities = [\"create\", \"read\", \"update\", \"list\"]\n}\npath \"prod/ssh/config/ca\" {\n  capabilities = [\"read\"]\n}\npath \"identity/oidc/token/ci\" {\n  capabilities = [\"read\"]\n}\n"
          },
          "sensitive_attributes": [],
          "private": "bnVsbA=="
        }
      ]
    },
    {
      "mode": "managed",
      "type": "vault_policy",
      "name": "host_read_certs",
      "provider": "provider[\"registry.terraform.io/hashicorp/vault\"]",
      "instances": [
        {
          "schema_version": 0,
          "attributes": {
            "id": "host-read-certs",
            "name": "host-read-certs",
            "policy": "path \"prod/kv/data/certificates/*\" {\n  capabilities = [\"read\"]\n}\n"
          },
          "sensitive_attributes": [],
          "private": "bnVsbA=="
        }
      ]
    },
    {
      "mode": "managed",
      "type": "vault_policy",
      "name": "host_read_kv",
      "provider": "provider[\"registry.terraform.io/hashicorp/vault\"]",
      "instances": [
        {
          "schema_version": 0,
          "attributes": {
            "id": "host-read-kv",
            "name": "host-read-kv",
            "policy": "path \"hosts/kv/data/hosts/+/wireguard-pubkey\" {\n  capabilities = [\"read\"]\n}\npath \"hosts/kv/data/common/*\" {\n  capabilities = [\"read\"]\n}\n"
          },
          "sensitive_attributes": [],
          "private": "bnVsbA=="
        }
      ]
    },
    {
      "mode": "managed",
      "type": "vault_policy",
      "name": "host_read_oidc_token",
      "provider": "provider[\"registry.terraform.io/hashicorp/vault\"]",
      "instances": [
        {
          "schema_version": 0,
          "attributes": {
            "id": "host-oidc-token",
            "name": "host-oidc-token",
            "policy": "path \"identity/oidc/token/host\" {\n  capabilities = [\"read\"]\n}\n"
          },
          "sensitive_attributes": [],
          "private": "bnVsbA=="
        }
      ]
    },
    {
      "mode": "managed",
      "type": "vault_policy",
      "name": "host_read_prod_certificates",
      "provider": "provider[\"registry.terraform.io/hashicorp/vault\"]",
      "instances": [
        {
          "schema_version": 0,
          "attributes": {
            "id": "host-read-prod-certificates",
            "name": "host-read-prod-certificates",
            "policy": "path \"prod/kv/data/certificates/+\" {\n  capabilities = [\"read\"]\n}\n"
          },
          "sensitive_attributes": [],
          "private": "bnVsbA=="
        }
      ]
    },
    {
      "mode": "managed",
      "type": "vault_policy",
      "name": "host_sign_ssh_cert",
      "provider": "provider[\"registry.terraform.io/hashicorp/vault\"]",
      "instances": [
        {
          "schema_version": 0,
          "attributes": {
            "id": "host-sign-ssh-certificate",
            "name": "host-sign-ssh-certificate",
            "policy": "path \"prod/ssh/sign/host\" {\n  capabilities = [\"update\"]\n}\npath \"stag/ssh/sign/host\" {\n  capabilities = [\"update\"]\n}\npath \"dev/ssh/sign/host\" {\n  capabilities = [\"update\"]\n}\n"
          },
          "sensitive_attributes": [],
          "private": "bnVsbA=="
        }
      ]
    },
    {
      "mode": "managed",
      "type": "vault_policy",
      "name": "host_sign_tls_cert",
      "provider": "provider[\"registry.terraform.io/hashicorp/vault\"]",
      "instances": [
        {
          "schema_version": 0,
          "attributes": {
            "id": "host-sign-tls-certificate",
            "name": "host-sign-tls-certificate",
            "policy": "path \"prod/pki/pki_intermediate/issue/server\" {\n  capabilities = [\"update\"]\n}\npath \"stag/pki/pki_intermediate/issue/server\" {\n  capabilities = [\"update\"]\n}\npath \"dev/pki/pki_intermediate/issue/server\" {\n  capabilities = [\"update\"]\n}\n"
          },
          "sensitive_attributes": [],
          "private": "bnVsbA=="
        }
      ]
    },
    {
      "mode": "managed",
      "type": "vault_policy",
      "name": "human_read_oidc_token",
      "provider": "provider[\"registry.terraform.io/hashicorp/vault\"]",
      "instances": [
        {
          "schema_version": 0,
          "attributes": {
            "id": "human-oidc-token",
            "name": "human-oidc-token",
            "policy": "path \"identity/oidc/token/human\" {\n  capabilities = [\"read\"]\n}\n"
          },
          "sensitive_attributes": [],
          "private": "bnVsbA=="
        }
      ]
    },
    {
      "mode": "managed",
      "type": "vault_policy",
      "name": "kv_admin",
      "provider": "provider[\"registry.terraform.io/hashicorp/vault\"]",
      "instances": [
        {
          "index_key": "dev",
          "schema_version": 0,
          "attributes": {
            "id": "dev-kv-admin",
            "name": "dev-kv-admin",
            "policy": "path \"dev/kv/*\" {\n  capabilities = [\"create\", \"read\", \"update\", \"list\", \"delete\"]\n}\n"
          },
          "sensitive_attributes": [],
          "private": "bnVsbA=="
        },
        {
          "index_key": "prod",
          "schema_version": 0,
          "attributes": {
            "id": "prod-kv-admin",
            "name": "prod-kv-admin",
            "policy": "path \"prod/kv/*\" {\n  capabilities = [\"create\", \"read\", \"update\", \"list\", \"delete\"]\n}\n"
          },
          "sensitive_attributes": [],
          "private": "bnVsbA=="
        },
        {
          "index_key": "stag",
          "schema_version": 0,
          "attributes": {
            "id": "stag-kv-admin",
            "name": "stag-kv-admin",
            "policy": "path \"stag/kv/*\" {\n  capabilities = [\"create\", \"read\", \"update\", \"list\", \"delete\"]\n}\n"
          },
          "sensitive_attributes": [],
          "private": "bnVsbA=="
        }
      ]
    },
    {
      "mode": "managed",
      "type": "vault_policy",
      "name": "kv_read_write",
      "provider": "provider[\"registry.terraform.io/hashicorp/vault\"]",
      "instances": [
        {
          "index_key": "dev",
          "schema_version": 0,
          "attributes": {
            "id": "dev-kv-read-write",
            "name": "dev-kv-read-write",
            "policy": "path \"dev/kv/*\" {\n  capabilities = [\"create\", \"read\", \"update\", \"list\"]\n}\n"
          },
          "sensitive_attributes": [],
          "private": "bnVsbA=="
        },
        {
          "index_key": "prod",
          "schema_version": 0,
          "attributes": {
            "id": "prod-kv-read-write",
            "name": "prod-kv-read-write",
            "policy": "path \"prod/kv/*\" {\n  capabilities = [\"create\", \"read\", \"update\", \"list\"]\n}\n"
          },
          "sensitive_attributes": [],
          "private": "bnVsbA=="
        },
        {
          "index_key": "stag",
          "schema_version": 0,
          "attributes": {
            "id": "stag-kv-read-write",
            "name": "stag-kv-read-write",
            "policy": "path \"stag/kv/*\" {\n  capabilities = [\"create\", \"read\", \"update\", \"list\"]\n}\n"
          },
          "sensitive_attributes": [],
          "private": "bnVsbA=="
        }
      ]
    },
    {
      "mode": "managed",
      "type": "vault_policy",
      "name": "kv_readonly",
      "provider": "provider[\"registry.terraform.io/hashicorp/vault\"]",
      "instances": [
        {
          "index_key": "dev",
          "schema_version": 0,
          "attributes": {
            "id": "dev-kv-read-only",
            "name": "dev-kv-read-only",
            "policy": "path \"dev/kv/*\" {\n  capabilities = [\"read\"]\n}\n"
          },
          "sensitive_attributes": [],
          "private": "bnVsbA=="
        },
        {
          "index_key": "prod",
          "schema_version": 0,
          "attributes": {
            "id": "prod-kv-read-only",
            "name": "prod-kv-read-only",
            "policy": "path \"prod/kv/*\" {\n  capabilities = [\"read\"]\n}\n"
          },
          "sensitive_attributes": [],
          "private": "bnVsbA=="
        },
        {
          "index_key": "stag",
          "schema_version": 0,
          "attributes": {
            "id": "stag-kv-read-only",
            "name": "stag-kv-read-only",
            "policy": "path \"stag/kv/*\" {\n  capabilities = [\"read\"]\n}\n"
          },
          "sensitive_attributes": [],
          "private": "bnVsbA=="
        }
      ]
    },
    {
      "mode": "managed",
      "type": "vault_policy",
      "name": "pki_client_sign",
      "provider": "provider[\"registry.terraform.io/hashicorp/vault\"]",
      "instances": [
        {
          "index_key": "dev",
          "schema_version": 0,
          "attributes": {
            "id": "dev-pki-client-sign",
            "name": "dev-pki-client-sign",
            "policy": "path \"dev/pki/pki_intermediate/issue/client\" {\n  capabilities = [\"create\", \"read\", \"update\", \"list\"]\n}\n"
          },
          "sensitive_attributes": [],
          "private": "bnVsbA=="
        },
        {
          "index_key": "prod",
          "schema_version": 0,
          "attributes": {
            "id": "prod-pki-client-sign",
            "name": "prod-pki-client-sign",
            "policy": "path \"prod/pki/pki_intermediate/issue/client\" {\n  capabilities = [\"create\", \"read\", \"update\", \"list\"]\n}\n"
          },
          "sensitive_attributes": [],
          "private": "bnVsbA=="
        },
        {
          "index_key": "stag",
          "schema_version": 0,
          "attributes": {
            "id": "stag-pki-client-sign",
            "name": "stag-pki-client-sign",
            "policy": "path \"stag/pki/pki_intermediate/issue/client\" {\n  capabilities = [\"create\", \"read\", \"update\", \"list\"]\n}\n"
          },
          "sensitive_attributes": [],
          "private": "bnVsbA=="
        }
      ]
    },
    {
      "mode": "managed",
      "type": "vault_policy",
      "name": "pki_server_sign",
      "provider": "provider[\"registry.terraform.io/hashicorp/vault\"]",
      "instances": [
        {
          "index_key": "dev",
          "schema_version": 0,
          "attributes": {
            "id": "dev-pki-server-sign",
            "name": "dev-pki-server-sign",
            "policy": "path \"dev/pki/pki_intermediate/issue/server\" {\n  capabilities = [\"create\", \"read\", \"update\", \"list\"]\n}\n"
          },
          "sensitive_attributes": [],
          "private": "bnVsbA=="
        },
        {
          "index_key": "prod",
          "schema_version": 0,
          "attributes": {
            "id": "prod-pki-server-sign",
            "name": "prod-pki-server-sign",
            "policy": "path \"prod/pki/pki_intermediate/issue/server\" {\n  capabilities = [\"create\", \"read\", \"update\", \"list\"]\n}\n"
          },
          "sensitive_attributes": [],
          "private": "bnVsbA=="
        },
        {
          "index_key": "stag",
          "schema_version": 0,
          "attributes": {
            "id": "stag-pki-server-sign",
            "name": "stag-pki-server-sign",
            "policy": "path \"stag/pki/pki_intermediate/issue/server\" {\n  capabilities = [\"create\", \"read\", \"update\", \"list\"]\n}\n"
          },
          "sensitive_attributes": [],
          "private": "bnVsbA=="
        }
      ]
    },
    {
      "mode": "managed",
      "type": "vault_policy",
      "name": "pki_svc_sign",
      "provider": "provider[\"registry.terraform.io/hashicorp/vault\"]",
      "instances": [
        {
          "index_key": "dev",
          "schema_version": 0,
          "attributes": {
            "id": "dev-pki-svc-sign",
            "name": "dev-pki-svc-sign",
            "policy": "path \"dev/pki/pki_intermediate/issue/service\" {\n  capabilities = [\"create\", \"read\", \"update\", \"list\"]\n}\n"
          },
          "sensitive_attributes": [],
          "private": "bnVsbA=="
        },
        {
          "index_key": "prod",
          "schema_version": 0,
          "attributes": {
            "id": "prod-pki-svc-sign",
            "name": "prod-pki-svc-sign",
            "policy": "path \"prod/pki/pki_intermediate/issue/service\" {\n  capabilities = [\"create\", \"read\", \"update\", \"list\"]\n}\n"
          },
          "sensitive_attributes": [],
          "private": "bnVsbA=="
        },
        {
          "index_key": "stag",
          "schema_version": 0,
          "attributes": {
            "id": "stag-pki-svc-sign",
            "name": "stag-pki-svc-sign",
            "policy": "path \"stag/pki/pki_intermediate/issue/service\" {\n  capabilities = [\"create\", \"read\", \"update\", \"list\"]\n}\n"
          },
          "sensitive_attributes": [],
          "private": "bnVsbA=="
        }
      ]
    },
    {
      "mode": "managed",
      "type": "vault_policy",
      "name": "read_only",
      "provider": "provider[\"registry.terraform.io/hashicorp/vault\"]",
      "instances": [
        {
          "index_key": "dev",
          "schema_version": 0,
          "attributes": {
            "id": "dev-read-only",
            "name": "dev-read-only",
            "policy": "path \"dev/*\" {\n  capabilities = [\"read\"]\n}\n"
          },
          "sensitive_attributes": [],
          "private": "bnVsbA=="
        },
        {
          "index_key": "prod",
          "schema_version": 0,
          "attributes": {
            "id": "prod-read-only",
            "name": "prod-read-only",
            "policy": "path \"prod/*\" {\n  capabilities = [\"read\"]\n}\n"
          },
          "sensitive_attributes": [],
          "private": "bnVsbA=="
        },
        {
          "index_key": "stag",
          "schema_version": 0,
          "attributes": {
            "id": "stag-read-only",
            "name": "stag-read-only",
            "policy": "path \"stag/*\" {\n  capabilities = [\"read\"]\n}\n"
          },
          "sensitive_attributes": [],
          "private": "bnVsbA=="
        }
      ]
    },
    {
      "mode": "managed",
      "type": "vault_policy",
      "name": "snapshot_agent",
      "provider": "provider[\"registry.terraform.io/hashicorp/vault\"]",
      "instances": [
        {
          "schema_version": 0,
          "attributes": {
            "id": "snapshot-agent",
            "name": "snapshot-agent",
            "policy": "path \"/sys/storage/raft/snapshot\"\n{\n  capabilities = [\"read\"]\n}\n"
          },
          "sensitive_attributes": [],
          "private": "bnVsbA=="
        }
      ]
    },
    {
      "mode": "managed",
      "type": "vault_policy",
      "name": "ssh_sign_host",
      "provider": "provider[\"registry.terraform.io/hashicorp/vault\"]",
      "instances": [
        {
          "index_key": "dev",
          "schema_version": 0,
          "attributes": {
            "id": "dev-ssh-sign-host",
            "name": "dev-ssh-sign-host",
            "policy": "path \"dev/ssh/sign/host\" {\n  capabilities = [\"create\", \"read\", \"update\", \"list\"]\n}\n\npath \"dev/ssh/config/ca\" {\n  capabilities = [\"read\"]\n}\n"
          },
          "sensitive_attributes": [],
          "private": "bnVsbA=="
        },
        {
          "index_key": "prod",
          "schema_version": 0,
          "attributes": {
            "id": "prod-ssh-sign-host",
            "name": "prod-ssh-sign-host",
            "policy": "path \"prod/ssh/sign/host\" {\n  capabilities = [\"create\", \"read\", \"update\", \"list\"]\n}\n\npath \"prod/ssh/config/ca\" {\n  capabilities = [\"read\"]\n}\n"
          },
          "sensitive_attributes": [],
          "private": "bnVsbA=="
        },
        {
          "index_key": "stag",
          "schema_version": 0,
          "attributes": {
            "id": "stag-ssh-sign-host",
            "name": "stag-ssh-sign-host",
            "policy": "path \"stag/ssh/sign/host\" {\n  capabilities = [\"create\", \"read\", \"update\", \"list\"]\n}\n\npath \"stag/ssh/config/ca\" {\n  capabilities = [\"read\"]\n}\n"
          },
          "sensitive_attributes": [],
          "private": "bnVsbA=="
        }
      ]
    },
    {
      "mode": "managed",
      "type": "vault_policy",
      "name": "ssh_sign_user",
      "provider": "provider[\"registry.terraform.io/hashicorp/vault\"]",
      "instances": [
        {
          "index_key": "dev",
          "schema_version": 0,
          "attributes": {
            "id": "dev-ssh-sign-user",
            "name": "dev-ssh-sign-user",
            "policy": "path \"dev/ssh/sign/user\" {\n  capabilities = [\"create\", \"read\", \"update\", \"list\"]\n}\n\npath \"dev/ssh/config/ca\" {\n  capabilities = [\"read\"]\n}\n"
          },
          "sensitive_attributes": [],
          "private": "bnVsbA=="
        },
        {
          "index_key": "prod",
          "schema_version": 0,
          "attributes": {
            "id": "prod-ssh-sign-user",
            "name": "prod-ssh-sign-user",
            "policy": "path \"prod/ssh/sign/user\" {\n  capabilities = [\"create\", \"read\", \"update\", \"list\"]\n}\n\npath \"prod/ssh/config/ca\" {\n  capabilities = [\"read\"]\n}\n"
          },
          "sensitive_attributes": [],
          "private": "bnVsbA=="
        },
        {
          "index_key": "stag",
          "schema_version": 0,
          "attributes": {
            "id": "stag-ssh-sign-user",
            "name": "stag-ssh-sign-user",
            "policy": "path \"stag/ssh/sign/user\" {\n  capabilities = [\"create\", \"read\", \"update\", \"list\"]\n}\n\npath \"stag/ssh/config/ca\" {\n  capabilities = [\"read\"]\n}\n"
          },
          "sensitive_attributes": [],
          "private": "bnVsbA=="
        }
      ]
    },
    {
      "mode": "managed",
      "type": "vault_policy",
      "name": "svc_read_oidc_token",
      "provider": "provider[\"registry.terraform.io/hashicorp/vault\"]",
      "instances": [
        {
          "schema_version": 0,
          "attributes": {
            "id": "svc-oidc-token",
            "name": "svc-oidc-token",
            "policy": "path \"identity/oidc/token/service\" {\n  capabilities = [\"read\"]\n}\n"
          },
          "sensitive_attributes": [],
          "private": "bnVsbA=="
        }
      ]
    },
    {
      "mode": "managed",
      "type": "vault_policy",
      "name": "vault_admin",
      "provider": "provider[\"registry.terraform.io/hashicorp/vault\"]",
      "instances": [
        {
          "schema_version": 0,
          "attributes": {
            "id": "vault-admin",
            "name": "vault-admin",
            "policy": "path \"*\" {\n  capabilities = [\"create\", \"read\", \"update\", \"delete\", \"list\"]\n}\n"
          },
          "sensitive_attributes": [],
          "private": "bnVsbA=="
        }
      ]
    },
    {
      "mode": "managed",
      "type": "vault_ssh_secret_backend_ca",
      "name": "ssh_ca",
      "provider": "provider[\"registry.terraform.io/hashicorp/vault\"]",
      "instances": [
        {
          "index_key": "dev",
          "schema_version": 0,
          "attributes": {
            "backend": "dev/ssh",
            "generate_signing_key": true,
            "id": "dev/ssh",
            "private_key": null,
            "public_key": "ssh-rsa AAAAB3NzaC1yc2EAAAADAQABAAACAQDelefZKBSX6YPQfSG33e0rjUFRHYHACjaOAqJChKCMU49KLXsvB39Y+E94T/NpjOAUL5iLzfKalphcW0wjITv153kYyFxHK1ouLw43uEGfyOjQpXHXGlMYsPXUUTqHPMKkguiUOTh6utp1tTrd0cPxJvCjMMOpZ3/HyVgdqInPr/PnJougB36qtLKBJz+/2ZZ9Xp7zNOMJrICiIwrcBTeA4wbu2UzFh8yabNcz0br0JWyKHXeEKlZNW1WUeFovZmmypgtJ8R4IzbbIkS7vcRjNdbQSW+3WzisEXEiGpu0o886d1v4YoPIpPoQmG+1cht77UedtrNKgQkGUsk6rK2iZMLeCbh5xoQeIxUBrWAziASawrZ2knAMEOSLFwfUvemhAH0bZDrmfwO/VfZk8fG38g3rA7cI+jDIsWSwKulTsAIyfSAG7S7IDklZI2y+NfhF95ZlSx82ZDqVu0HtWm2/sBWJggwGWivu6nGDPDRmevblTgySeJYoKsxa3+JOO35/fAupn0+aFzy11udN2W+9o0qksZA5xq75jpqy2SQjn26ZcniBHB+aHaSXIC6IhfFlYiEFrW9AZw1Pklx3NCiCMW2s86A5SPhUIs0q/h77qPvIkw0/9sufYSgUP2vunik49jaV9UdSDWQRnDS9uAVNVxldp2HE0qCu72zMYwhoSKw==\n"
          },
          "sensitive_attributes": [],
          "private": "bnVsbA==",
          "dependencies": [
            "vault_mount.ssh"
          ]
        },
        {
          "index_key": "prod",
          "schema_version": 0,
          "attributes": {
            "backend": "prod/ssh",
            "generate_signing_key": true,
            "id": "prod/ssh",
            "private_key": null,
            "public_key": "ssh-rsa AAAAB3NzaC1yc2EAAAADAQABAAACAQCUy1w0YzoVVjRqiZEPKTKuRHAwExesgknRSD4Oh6W22+d45sEIK869qsKAZjxuSFNY2xMAqcXRu0sof/CuKEzwk5uvh/p3RM4Y8ha66ddgBEKEDhCLOC+GVyGV5oUuKjVvHg7yUGzxKN3Oxw+zTvQAKP5hZ8G/QWD6FOZD3kW2lTA4L4Krjh/kuHkTNW8SzMTKkX2FbwFqHqn7sKIfIfz7C/0PP7cuG+n487nva/W6qJdo1mYqwyZrPRWSBUIf+IdbFRDzQnvLdSGXGP3R406er1MOFRvwWEYkwF0fPYXGATOwB09rKSnZOqvZPsqhYtu9ZTb8Xly+ul+Bc2kgeaCPlw+XPeJKmbgvI2VClCiF2yTq/GTO9m1aYoKR8abPqBvEWfAFA9usw9Oszs6eCrrI7YmYwtj3UdEze5xY5UtovZikD2txunu+gZDQTwJ12urh4ursr3YelP1f5aVYhj7JEtNoZK4hCp2a7Kkzi6BxUuBL+ngubQT9D3ig3YMM3hvIJK7fmUJqpr07RdCVYe7Vs2FTTbqqUT7oaTHEBgow3cWup7ATCmGJbYS2DnO+fEQuygWF5SNYxEJ1hg5YPC4IhdHzzy/TzOfX7tBXso6nwjFINk+2nby3auQ8BeJdIEJOo7009c8CKCCremz51NUDGoxthROsudz35GzD5wdWzw==\n"
          },
          "sensitive_attributes": [],
          "private": "bnVsbA==",
          "dependencies": [
            "vault_mount.ssh"
          ]
        },
        {
          "index_key": "stag",
          "schema_version": 0,
          "attributes": {
            "backend": "stag/ssh",
            "generate_signing_key": true,
            "id": "stag/ssh",
            "private_key": null,
            "public_key": "ssh-rsa AAAAB3NzaC1yc2EAAAADAQABAAACAQC2U3JlG4kNWGeodkkqJr4FVhlF4waqIw7DxPr2glgBHtvw2VcJj0zXuDVa8YdGn51Br0Kg4WvxQxAqX5xTvZ2ciahpTHezNWcLrGwSSqmdABFEQVSphQcQM+h5tlrCVXYUj1pr1m5G+chXapZLanaAJMT8b18bhcpsf5K1zNuV6AHs9vJzpcK+vpXBiKtPnsCc8j+OjxYxzK6ayRcETdVm2eiaYiFNp0bleo0qo0vaOOYcBNMr3QfNuPsIBzQdGngVbexuJD2MqcRSTE1YmQjtZRzEOFsmFotJNoPrIStz4ndf6P5+wFVEmfG5NEbCK1apfgnT7nSwGc/usn45RzhoN3q1OZ+qKb9CedMvYWU0oeH2PRi2mbWXnMlgaiIJxnGYcaGS3B/8cWIRDhDQCHbuFdSZPU6e7SPQe2KqULBY0FSLe/8CIJeKbsR3oJWnAQq9uSGue/P0z0eMQbWzLVfYC2EpV1xBMaHoyQJiFdinKflsfpqgbC2jZAu2ScZ20QH1Dha4JLntBQBnn3hJGZ8dFQ0L3xduyEGiE4Pkde09g41viq+6CPR1esyP+mbxZskBvRaFj90wPAHVZjKIgafKDtqQGtnWwck1YAAkeSp59gQxdiB8sBBC029e6LNJ06GT1LP9ty8xtbrQbU9e9YOdzkyt4vRcefi3BFZcfy13SQ==\n"
          },
          "sensitive_attributes": [],
          "private": "bnVsbA==",
          "dependencies": [
            "vault_mount.ssh"
          ]
        }
      ]
    },
    {
      "mode": "managed",
      "type": "vault_ssh_secret_backend_role",
      "name": "ssh_sign_ci",
      "provider": "provider[\"registry.terraform.io/hashicorp/vault\"]",
      "instances": [
        {
          "index_key": "dev",
          "schema_version": 0,
          "attributes": {
            "algorithm_signer": "rsa-sha2-512",
            "allow_bare_domains": false,
            "allow_host_certificates": false,
            "allow_subdomains": false,
            "allow_user_certificates": true,
            "allow_user_key_ids": false,
            "allowed_critical_options": "",
            "allowed_domains": "",
            "allowed_extensions": "",
            "allowed_user_key_lengths": {},
            "allowed_users": "ci",
            "allowed_users_template": false,
            "backend": "dev/ssh",
            "cidr_list": "",
            "default_critical_options": {},
            "default_extensions": {
              "permit-agent-forwarding": "",
              "permit-port-forwarding": "",
              "permit-pty": ""
            },
            "default_user": "",
            "id": "dev/ssh/roles/ci",
            "key_id_format": "",
            "key_type": "ca",
            "max_ttl": "86400",
            "name": "ci",
            "ttl": "86400"
          },
          "sensitive_attributes": [],
          "private": "bnVsbA==",
          "dependencies": [
            "vault_mount.ssh"
          ]
        },
        {
          "index_key": "prod",
          "schema_version": 0,
          "attributes": {
            "algorithm_signer": "rsa-sha2-512",
            "allow_bare_domains": false,
            "allow_host_certificates": false,
            "allow_subdomains": false,
            "allow_user_certificates": true,
            "allow_user_key_ids": false,
            "allowed_critical_options": "",
            "allowed_domains": "",
            "allowed_extensions": "",
            "allowed_user_key_lengths": {},
            "allowed_users": "ci",
            "allowed_users_template": false,
            "backend": "prod/ssh",
            "cidr_list": "",
            "default_critical_options": {},
            "default_extensions": {
              "permit-agent-forwarding": "",
              "permit-port-forwarding": "",
              "permit-pty": ""
            },
            "default_user": "",
            "id": "prod/ssh/roles/ci",
            "key_id_format": "",
            "key_type": "ca",
            "max_ttl": "86400",
            "name": "ci",
            "ttl": "86400"
          },
          "sensitive_attributes": [],
          "private": "bnVsbA==",
          "dependencies": [
            "vault_mount.ssh"
          ]
        },
        {
          "index_key": "stag",
          "schema_version": 0,
          "attributes": {
            "algorithm_signer": "rsa-sha2-512",
            "allow_bare_domains": false,
            "allow_host_certificates": false,
            "allow_subdomains": false,
            "allow_user_certificates": true,
            "allow_user_key_ids": false,
            "allowed_critical_options": "",
            "allowed_domains": "",
            "allowed_extensions": "",
            "allowed_user_key_lengths": {},
            "allowed_users": "ci",
            "allowed_users_template": false,
            "backend": "stag/ssh",
            "cidr_list": "",
            "default_critical_options": {},
            "default_extensions": {
              "permit-agent-forwarding": "",
              "permit-port-forwarding": "",
              "permit-pty": ""
            },
            "default_user": "",
            "id": "stag/ssh/roles/ci",
            "key_id_format": "",
            "key_type": "ca",
            "max_ttl": "86400",
            "name": "ci",
            "ttl": "86400"
          },
          "sensitive_attributes": [],
          "private": "bnVsbA==",
          "dependencies": [
            "vault_mount.ssh"
          ]
        }
      ]
    },
    {
      "mode": "managed",
      "type": "vault_ssh_secret_backend_role",
      "name": "ssh_sign_host",
      "provider": "provider[\"registry.terraform.io/hashicorp/vault\"]",
      "instances": [
        {
          "index_key": "dev",
          "schema_version": 0,
          "attributes": {
            "algorithm_signer": "rsa-sha2-512",
            "allow_bare_domains": false,
            "allow_host_certificates": true,
            "allow_subdomains": false,
            "allow_user_certificates": false,
            "allow_user_key_ids": false,
            "allowed_critical_options": "",
            "allowed_domains": "",
            "allowed_extensions": "",
            "allowed_user_key_lengths": {},
            "allowed_users": "",
            "allowed_users_template": false,
            "backend": "dev/ssh",
            "cidr_list": "",
            "default_critical_options": {},
            "default_extensions": {},
            "default_user": "",
            "id": "dev/ssh/roles/host",
            "key_id_format": "",
            "key_type": "ca",
            "max_ttl": "31536000",
            "name": "host",
            "ttl": "31536000"
          },
          "sensitive_attributes": [],
          "private": "bnVsbA==",
          "dependencies": [
            "vault_mount.ssh"
          ]
        },
        {
          "index_key": "prod",
          "schema_version": 0,
          "attributes": {
            "algorithm_signer": "rsa-sha2-512",
            "allow_bare_domains": false,
            "allow_host_certificates": true,
            "allow_subdomains": false,
            "allow_user_certificates": false,
            "allow_user_key_ids": false,
            "allowed_critical_options": "",
            "allowed_domains": "",
            "allowed_extensions": "",
            "allowed_user_key_lengths": {},
            "allowed_users": "",
            "allowed_users_template": false,
            "backend": "prod/ssh",
            "cidr_list": "",
            "default_critical_options": {},
            "default_extensions": {},
            "default_user": "",
            "id": "prod/ssh/roles/host",
            "key_id_format": "",
            "key_type": "ca",
            "max_ttl": "31536000",
            "name": "host",
            "ttl": "31536000"
          },
          "sensitive_attributes": [],
          "private": "bnVsbA==",
          "dependencies": [
            "vault_mount.ssh"
          ]
        },
        {
          "index_key": "stag",
          "schema_version": 0,
          "attributes": {
            "algorithm_signer": "rsa-sha2-512",
            "allow_bare_domains": false,
            "allow_host_certificates": true,
            "allow_subdomains": false,
            "allow_user_certificates": false,
            "allow_user_key_ids": false,
            "allowed_critical_options": "",
            "allowed_domains": "",
            "allowed_extensions": "",
            "allowed_user_key_lengths": {},
            "allowed_users": "",
            "allowed_users_template": false,
            "backend": "stag/ssh",
            "cidr_list": "",
            "default_critical_options": {},
            "default_extensions": {},
            "default_user": "",
            "id": "stag/ssh/roles/host",
            "key_id_format": "",
            "key_type": "ca",
            "max_ttl": "31536000",
            "name": "host",
            "ttl": "31536000"
          },
          "sensitive_attributes": [],
          "private": "bnVsbA==",
          "dependencies": [
            "vault_mount.ssh"
          ]
        }
      ]
    },
    {
      "mode": "managed",
      "type": "vault_ssh_secret_backend_role",
      "name": "ssh_sign_user",
      "provider": "provider[\"registry.terraform.io/hashicorp/vault\"]",
      "instances": [
        {
          "index_key": "dev",
          "schema_version": 0,
          "attributes": {
            "algorithm_signer": "rsa-sha2-512",
            "allow_bare_domains": false,
            "allow_host_certificates": false,
            "allow_subdomains": false,
            "allow_user_certificates": true,
            "allow_user_key_ids": false,
            "allowed_critical_options": "",
            "allowed_domains": "",
            "allowed_extensions": "",
            "allowed_user_key_lengths": {},
            "allowed_users": "*",
            "allowed_users_template": false,
            "backend": "dev/ssh",
            "cidr_list": "",
            "default_critical_options": {},
            "default_extensions": {
              "permit-agent-forwarding": "",
              "permit-port-forwarding": "",
              "permit-pty": ""
            },
            "default_user": "",
            "id": "dev/ssh/roles/user",
            "key_id_format": "",
            "key_type": "ca",
            "max_ttl": "86400",
            "name": "user",
            "ttl": "86400"
          },
          "sensitive_attributes": [],
          "private": "bnVsbA==",
          "dependencies": [
            "vault_mount.ssh"
          ]
        },
        {
          "index_key": "prod",
          "schema_version": 0,
          "attributes": {
            "algorithm_signer": "rsa-sha2-512",
            "allow_bare_domains": false,
            "allow_host_certificates": false,
            "allow_subdomains": false,
            "allow_user_certificates": true,
            "allow_user_key_ids": false,
            "allowed_critical_options": "",
            "allowed_domains": "",
            "allowed_extensions": "",
            "allowed_user_key_lengths": {},
            "allowed_users": "*",
            "allowed_users_template": false,
            "backend": "prod/ssh",
            "cidr_list": "",
            "default_critical_options": {},
            "default_extensions": {
              "permit-agent-forwarding": "",
              "permit-port-forwarding": "",
              "permit-pty": ""
            },
            "default_user": "",
            "id": "prod/ssh/roles/user",
            "key_id_format": "",
            "key_type": "ca",
            "max_ttl": "86400",
            "name": "user",
            "ttl": "86400"
          },
          "sensitive_attributes": [],
          "private": "bnVsbA==",
          "dependencies": [
            "vault_mount.ssh"
          ]
        },
        {
          "index_key": "stag",
          "schema_version": 0,
          "attributes": {
            "algorithm_signer": "rsa-sha2-512",
            "allow_bare_domains": false,
            "allow_host_certificates": false,
            "allow_subdomains": false,
            "allow_user_certificates": true,
            "allow_user_key_ids": false,
            "allowed_critical_options": "",
            "allowed_domains": "",
            "allowed_extensions": "",
            "allowed_user_key_lengths": {},
            "allowed_users": "*",
            "allowed_users_template": false,
            "backend": "stag/ssh",
            "cidr_list": "",
            "default_critical_options": {},
            "default_extensions": {
              "permit-agent-forwarding": "",
              "permit-port-forwarding": "",
              "permit-pty": ""
            },
            "default_user": "",
            "id": "stag/ssh/roles/user",
            "key_id_format": "",
            "key_type": "ca",
            "max_ttl": "86400",
            "name": "user",
            "ttl": "86400"
          },
          "sensitive_attributes": [],
          "private": "bnVsbA==",
          "dependencies": [
            "vault_mount.ssh"
          ]
        }
      ]
    }
  ]
}
